// !$*UTF8*$!
{
	archiveVersion = 1;
	classes = {
	};
	objectVersion = 55;
	objects = {

/* Begin PBXBuildFile section */
		B280676028170EE30040E0E4 /* ContentView.swift in Sources */ = {isa = PBXBuildFile; fileRef = B280674A28170EE30040E0E4 /* ContentView.swift */; };
		B280676228170EE90040E0E4 /* AppDelegate.swift in Sources */ = {isa = PBXBuildFile; fileRef = B280674C28170EE30040E0E4 /* AppDelegate.swift */; };
		B280676328170EEF0040E0E4 /* Constants.swift in Sources */ = {isa = PBXBuildFile; fileRef = B280674928170EE30040E0E4 /* Constants.swift */; };
		B280676428170EF00040E0E4 /* Constants.swift in Sources */ = {isa = PBXBuildFile; fileRef = B280674928170EE30040E0E4 /* Constants.swift */; };
		B280676728170F170040E0E4 /* StreamRowView.swift in Sources */ = {isa = PBXBuildFile; fileRef = B280675A28170EE30040E0E4 /* StreamRowView.swift */; };
		B280676828170F3E0040E0E4 /* StreamsView.swift in Sources */ = {isa = PBXBuildFile; fileRef = B280675328170EE30040E0E4 /* StreamsView.swift */; };
		B280676928170F400040E0E4 /* EmptyStreamView.swift in Sources */ = {isa = PBXBuildFile; fileRef = B280675528170EE30040E0E4 /* EmptyStreamView.swift */; };
		B280676A28170F440040E0E4 /* LiveBadgeView.swift in Sources */ = {isa = PBXBuildFile; fileRef = B280675828170EE30040E0E4 /* LiveBadgeView.swift */; };
		B280676B28170F460040E0E4 /* StreamerLogoView.swift in Sources */ = {isa = PBXBuildFile; fileRef = B280675928170EE30040E0E4 /* StreamerLogoView.swift */; };
		B280676D281714DA0040E0E4 /* KeychainHelper.swift in Sources */ = {isa = PBXBuildFile; fileRef = B280676C281714DA0040E0E4 /* KeychainHelper.swift */; };
		B280677628171E0B0040E0E4 /* TwitchDataViewModel.swift in Sources */ = {isa = PBXBuildFile; fileRef = B280677528171E0B0040E0E4 /* TwitchDataViewModel.swift */; };
		B2806779281722FA0040E0E4 /* Alamofire in Frameworks */ = {isa = PBXBuildFile; productRef = B2806778281722FA0040E0E4 /* Alamofire */; };
		B280677C281723040040E0E4 /* Zip in Frameworks */ = {isa = PBXBuildFile; productRef = B280677B281723040040E0E4 /* Zip */; };
		B280677F281728890040E0E4 /* SwiftyJSON in Frameworks */ = {isa = PBXBuildFile; productRef = B280677E281728890040E0E4 /* SwiftyJSON */; };
		B280678128172BFA0040E0E4 /* StreamModel.swift in Sources */ = {isa = PBXBuildFile; fileRef = B280678028172BFA0040E0E4 /* StreamModel.swift */; };
		B2806788281733500040E0E4 /* NSView+Extension.swift in Sources */ = {isa = PBXBuildFile; fileRef = B2806786281733460040E0E4 /* NSView+Extension.swift */; };
		B2806789281733500040E0E4 /* View+Extension.swift in Sources */ = {isa = PBXBuildFile; fileRef = B2806783281733460040E0E4 /* View+Extension.swift */; };
		B280678A281733500040E0E4 /* Bundle+Extension.swift in Sources */ = {isa = PBXBuildFile; fileRef = B2806784281733460040E0E4 /* Bundle+Extension.swift */; };
		B280678B281733500040E0E4 /* NSTextField+Extension.swift in Sources */ = {isa = PBXBuildFile; fileRef = B2806787281733460040E0E4 /* NSTextField+Extension.swift */; };
		B280678C281733500040E0E4 /* Double+Extension.swift in Sources */ = {isa = PBXBuildFile; fileRef = B2806785281733460040E0E4 /* Double+Extension.swift */; };
		B280678D281733550040E0E4 /* Double+Extension.swift in Sources */ = {isa = PBXBuildFile; fileRef = B2806785281733460040E0E4 /* Double+Extension.swift */; };
		B2806791281735D90040E0E4 /* AddAuthView.swift in Sources */ = {isa = PBXBuildFile; fileRef = B2806790281735D90040E0E4 /* AddAuthView.swift */; };
		B2806794281743740040E0E4 /* SDWebImageSwiftUI in Frameworks */ = {isa = PBXBuildFile; productRef = B2806793281743740040E0E4 /* SDWebImageSwiftUI */; };
		B28067962817499B0040E0E4 /* ContextMenuView.swift in Sources */ = {isa = PBXBuildFile; fileRef = B28067952817499B0040E0E4 /* ContextMenuView.swift */; };
		B28067AD2817503E0040E0E4 /* PreferencesView.swift in Sources */ = {isa = PBXBuildFile; fileRef = B28067AB281750280040E0E4 /* PreferencesView.swift */; };
		B28067AE2817503E0040E0E4 /* GeneralPreferenceView.swift in Sources */ = {isa = PBXBuildFile; fileRef = B28067A9281750280040E0E4 /* GeneralPreferenceView.swift */; };
		B28067AF2817503E0040E0E4 /* LogsView.swift in Sources */ = {isa = PBXBuildFile; fileRef = B28067AC281750280040E0E4 /* LogsView.swift */; };
		B28067B02817503E0040E0E4 /* AuthSettingView.swift in Sources */ = {isa = PBXBuildFile; fileRef = B28067AA281750280040E0E4 /* AuthSettingView.swift */; };
		B28067B2281751130040E0E4 /* LogText.swift in Sources */ = {isa = PBXBuildFile; fileRef = B28067B1281751130040E0E4 /* LogText.swift */; };
		B28067B4281751150040E0E4 /* NeatButton.swift in Sources */ = {isa = PBXBuildFile; fileRef = B28067B3281751150040E0E4 /* NeatButton.swift */; };
		B28067B62817547C0040E0E4 /* BottomBarView.swift in Sources */ = {isa = PBXBuildFile; fileRef = B28067B52817547C0040E0E4 /* BottomBarView.swift */; };
		B28067B82817609E0040E0E4 /* CustomTextField.swift in Sources */ = {isa = PBXBuildFile; fileRef = B28067B72817609E0040E0E4 /* CustomTextField.swift */; };
		B28067BA281763600040E0E4 /* LoadingStreamView.swift in Sources */ = {isa = PBXBuildFile; fileRef = B28067B9281763600040E0E4 /* LoadingStreamView.swift */; };
		B28067BE28176BF90040E0E4 /* AutoUpdater.swift in Sources */ = {isa = PBXBuildFile; fileRef = B28067BD28176BF90040E0E4 /* AutoUpdater.swift */; };
		B28067BF28176C020040E0E4 /* UpdateInfoView.swift in Sources */ = {isa = PBXBuildFile; fileRef = B28067BC28176BF50040E0E4 /* UpdateInfoView.swift */; };
		B28067C128176C8A0040E0E4 /* UpdateModel.swift in Sources */ = {isa = PBXBuildFile; fileRef = B28067C028176C8A0040E0E4 /* UpdateModel.swift */; };
		B2BAF8E228170E3000CF193C /* NativeTwitchApp.swift in Sources */ = {isa = PBXBuildFile; fileRef = B2BAF8E128170E3000CF193C /* NativeTwitchApp.swift */; };
		B2BAF8E628170E3100CF193C /* Assets.xcassets in Resources */ = {isa = PBXBuildFile; fileRef = B2BAF8E528170E3100CF193C /* Assets.xcassets */; };
		B2BAF8E928170E3100CF193C /* Preview Assets.xcassets in Resources */ = {isa = PBXBuildFile; fileRef = B2BAF8E828170E3100CF193C /* Preview Assets.xcassets */; };
		B2BAF8F428170E3100CF193C /* NativeTwitchTests.swift in Sources */ = {isa = PBXBuildFile; fileRef = B2BAF8F328170E3100CF193C /* NativeTwitchTests.swift */; };
/* End PBXBuildFile section */

/* Begin PBXContainerItemProxy section */
		B2BAF8F028170E3100CF193C /* PBXContainerItemProxy */ = {
			isa = PBXContainerItemProxy;
			containerPortal = B2BAF8D628170E3000CF193C /* Project object */;
			proxyType = 1;
			remoteGlobalIDString = B2BAF8DD28170E3000CF193C;
			remoteInfo = NativeTwitch;
		};
/* End PBXContainerItemProxy section */

/* Begin PBXFileReference section */
		B280674928170EE30040E0E4 /* Constants.swift */ = {isa = PBXFileReference; lastKnownFileType = sourcecode.swift; path = Constants.swift; sourceTree = "<group>"; };
		B280674A28170EE30040E0E4 /* ContentView.swift */ = {isa = PBXFileReference; lastKnownFileType = sourcecode.swift; path = ContentView.swift; sourceTree = "<group>"; };
		B280674C28170EE30040E0E4 /* AppDelegate.swift */ = {isa = PBXFileReference; lastKnownFileType = sourcecode.swift; path = AppDelegate.swift; sourceTree = "<group>"; };
		B280675328170EE30040E0E4 /* StreamsView.swift */ = {isa = PBXFileReference; lastKnownFileType = sourcecode.swift; path = StreamsView.swift; sourceTree = "<group>"; };
		B280675528170EE30040E0E4 /* EmptyStreamView.swift */ = {isa = PBXFileReference; lastKnownFileType = sourcecode.swift; path = EmptyStreamView.swift; sourceTree = "<group>"; };
		B280675828170EE30040E0E4 /* LiveBadgeView.swift */ = {isa = PBXFileReference; lastKnownFileType = sourcecode.swift; path = LiveBadgeView.swift; sourceTree = "<group>"; };
		B280675928170EE30040E0E4 /* StreamerLogoView.swift */ = {isa = PBXFileReference; lastKnownFileType = sourcecode.swift; path = StreamerLogoView.swift; sourceTree = "<group>"; };
		B280675A28170EE30040E0E4 /* StreamRowView.swift */ = {isa = PBXFileReference; lastKnownFileType = sourcecode.swift; path = StreamRowView.swift; sourceTree = "<group>"; };
		B280676C281714DA0040E0E4 /* KeychainHelper.swift */ = {isa = PBXFileReference; lastKnownFileType = sourcecode.swift; path = KeychainHelper.swift; sourceTree = "<group>"; };
		B280677528171E0B0040E0E4 /* TwitchDataViewModel.swift */ = {isa = PBXFileReference; lastKnownFileType = sourcecode.swift; path = TwitchDataViewModel.swift; sourceTree = "<group>"; };
		B280678028172BFA0040E0E4 /* StreamModel.swift */ = {isa = PBXFileReference; lastKnownFileType = sourcecode.swift; path = StreamModel.swift; sourceTree = "<group>"; };
		B2806783281733460040E0E4 /* View+Extension.swift */ = {isa = PBXFileReference; lastKnownFileType = sourcecode.swift; path = "View+Extension.swift"; sourceTree = "<group>"; };
		B2806784281733460040E0E4 /* Bundle+Extension.swift */ = {isa = PBXFileReference; lastKnownFileType = sourcecode.swift; path = "Bundle+Extension.swift"; sourceTree = "<group>"; };
		B2806785281733460040E0E4 /* Double+Extension.swift */ = {isa = PBXFileReference; lastKnownFileType = sourcecode.swift; path = "Double+Extension.swift"; sourceTree = "<group>"; };
		B2806786281733460040E0E4 /* NSView+Extension.swift */ = {isa = PBXFileReference; lastKnownFileType = sourcecode.swift; path = "NSView+Extension.swift"; sourceTree = "<group>"; };
		B2806787281733460040E0E4 /* NSTextField+Extension.swift */ = {isa = PBXFileReference; lastKnownFileType = sourcecode.swift; path = "NSTextField+Extension.swift"; sourceTree = "<group>"; };
		B280678F281735B10040E0E4 /* Info.plist */ = {isa = PBXFileReference; lastKnownFileType = text.plist; path = Info.plist; sourceTree = "<group>"; };
		B2806790281735D90040E0E4 /* AddAuthView.swift */ = {isa = PBXFileReference; lastKnownFileType = sourcecode.swift; path = AddAuthView.swift; sourceTree = "<group>"; };
		B28067952817499B0040E0E4 /* ContextMenuView.swift */ = {isa = PBXFileReference; lastKnownFileType = sourcecode.swift; path = ContextMenuView.swift; sourceTree = "<group>"; };
		B28067A9281750280040E0E4 /* GeneralPreferenceView.swift */ = {isa = PBXFileReference; lastKnownFileType = sourcecode.swift; path = GeneralPreferenceView.swift; sourceTree = "<group>"; };
		B28067AA281750280040E0E4 /* AuthSettingView.swift */ = {isa = PBXFileReference; lastKnownFileType = sourcecode.swift; path = AuthSettingView.swift; sourceTree = "<group>"; };
		B28067AB281750280040E0E4 /* PreferencesView.swift */ = {isa = PBXFileReference; lastKnownFileType = sourcecode.swift; path = PreferencesView.swift; sourceTree = "<group>"; };
		B28067AC281750280040E0E4 /* LogsView.swift */ = {isa = PBXFileReference; lastKnownFileType = sourcecode.swift; path = LogsView.swift; sourceTree = "<group>"; };
		B28067B1281751130040E0E4 /* LogText.swift */ = {isa = PBXFileReference; lastKnownFileType = sourcecode.swift; path = LogText.swift; sourceTree = "<group>"; };
		B28067B3281751150040E0E4 /* NeatButton.swift */ = {isa = PBXFileReference; lastKnownFileType = sourcecode.swift; path = NeatButton.swift; sourceTree = "<group>"; };
		B28067B52817547C0040E0E4 /* BottomBarView.swift */ = {isa = PBXFileReference; lastKnownFileType = sourcecode.swift; path = BottomBarView.swift; sourceTree = "<group>"; };
		B28067B72817609E0040E0E4 /* CustomTextField.swift */ = {isa = PBXFileReference; lastKnownFileType = sourcecode.swift; path = CustomTextField.swift; sourceTree = "<group>"; };
		B28067B9281763600040E0E4 /* LoadingStreamView.swift */ = {isa = PBXFileReference; lastKnownFileType = sourcecode.swift; path = LoadingStreamView.swift; sourceTree = "<group>"; };
		B28067BC28176BF50040E0E4 /* UpdateInfoView.swift */ = {isa = PBXFileReference; lastKnownFileType = sourcecode.swift; path = UpdateInfoView.swift; sourceTree = "<group>"; };
		B28067BD28176BF90040E0E4 /* AutoUpdater.swift */ = {isa = PBXFileReference; lastKnownFileType = sourcecode.swift; path = AutoUpdater.swift; sourceTree = "<group>"; };
		B28067C028176C8A0040E0E4 /* UpdateModel.swift */ = {isa = PBXFileReference; fileEncoding = 4; lastKnownFileType = sourcecode.swift; path = UpdateModel.swift; sourceTree = "<group>"; };
		B2BAF8DE28170E3000CF193C /* NativeTwitch.app */ = {isa = PBXFileReference; explicitFileType = wrapper.application; includeInIndex = 0; path = NativeTwitch.app; sourceTree = BUILT_PRODUCTS_DIR; };
		B2BAF8E128170E3000CF193C /* NativeTwitchApp.swift */ = {isa = PBXFileReference; lastKnownFileType = sourcecode.swift; path = NativeTwitchApp.swift; sourceTree = "<group>"; };
		B2BAF8E528170E3100CF193C /* Assets.xcassets */ = {isa = PBXFileReference; lastKnownFileType = folder.assetcatalog; path = Assets.xcassets; sourceTree = "<group>"; };
		B2BAF8E828170E3100CF193C /* Preview Assets.xcassets */ = {isa = PBXFileReference; lastKnownFileType = folder.assetcatalog; path = "Preview Assets.xcassets"; sourceTree = "<group>"; };
		B2BAF8EA28170E3100CF193C /* NativeTwitch.entitlements */ = {isa = PBXFileReference; lastKnownFileType = text.plist.entitlements; path = NativeTwitch.entitlements; sourceTree = "<group>"; };
		B2BAF8EF28170E3100CF193C /* NativeTwitchTests.xctest */ = {isa = PBXFileReference; explicitFileType = wrapper.cfbundle; includeInIndex = 0; path = NativeTwitchTests.xctest; sourceTree = BUILT_PRODUCTS_DIR; };
		B2BAF8F328170E3100CF193C /* NativeTwitchTests.swift */ = {isa = PBXFileReference; lastKnownFileType = sourcecode.swift; path = NativeTwitchTests.swift; sourceTree = "<group>"; };
/* End PBXFileReference section */

/* Begin PBXFrameworksBuildPhase section */
		B2BAF8DB28170E3000CF193C /* Frameworks */ = {
			isa = PBXFrameworksBuildPhase;
			buildActionMask = 2147483647;
			files = (
				B2806794281743740040E0E4 /* SDWebImageSwiftUI in Frameworks */,
				B280677F281728890040E0E4 /* SwiftyJSON in Frameworks */,
				B280677C281723040040E0E4 /* Zip in Frameworks */,
				B2806779281722FA0040E0E4 /* Alamofire in Frameworks */,
			);
			runOnlyForDeploymentPostprocessing = 0;
		};
		B2BAF8EC28170E3100CF193C /* Frameworks */ = {
			isa = PBXFrameworksBuildPhase;
			buildActionMask = 2147483647;
			files = (
			);
			runOnlyForDeploymentPostprocessing = 0;
		};
/* End PBXFrameworksBuildPhase section */

/* Begin PBXGroup section */
		B280674328170EE30040E0E4 /* ViewModels */ = {
			isa = PBXGroup;
			children = (
				B28067BD28176BF90040E0E4 /* AutoUpdater.swift */,
				B280677528171E0B0040E0E4 /* TwitchDataViewModel.swift */,
			);
			path = ViewModels;
			sourceTree = "<group>";
		};
		B280674828170EE30040E0E4 /* Models */ = {
			isa = PBXGroup;
			children = (
				B28067C028176C8A0040E0E4 /* UpdateModel.swift */,
				B280674928170EE30040E0E4 /* Constants.swift */,
				B280678028172BFA0040E0E4 /* StreamModel.swift */,
			);
			path = Models;
			sourceTree = "<group>";
		};
		B280674B28170EE30040E0E4 /* Helpers */ = {
			isa = PBXGroup;
			children = (
				B280674C28170EE30040E0E4 /* AppDelegate.swift */,
				B280676C281714DA0040E0E4 /* KeychainHelper.swift */,
			);
			path = Helpers;
			sourceTree = "<group>";
		};
		B280675228170EE30040E0E4 /* Views */ = {
			isa = PBXGroup;
			children = (
				B28067BB28176BF50040E0E4 /* UpdateView */,
				B2806790281735D90040E0E4 /* AddAuthView.swift */,
				B280675328170EE30040E0E4 /* StreamsView.swift */,
				B280679C281750090040E0E4 /* PreferencesView */,
				B280675428170EE30040E0E4 /* OtherViews */,
				B280675628170EE30040E0E4 /* StreamRowViews */,
				B280675B28170EE30040E0E4 /* UpdateViews */,
			);
			path = Views;
			sourceTree = "<group>";
		};
		B280675428170EE30040E0E4 /* OtherViews */ = {
			isa = PBXGroup;
			children = (
				B28067B3281751150040E0E4 /* NeatButton.swift */,
				B28067B1281751130040E0E4 /* LogText.swift */,
				B280675528170EE30040E0E4 /* EmptyStreamView.swift */,
				B28067B52817547C0040E0E4 /* BottomBarView.swift */,
				B28067B72817609E0040E0E4 /* CustomTextField.swift */,
				B28067B9281763600040E0E4 /* LoadingStreamView.swift */,
			);
			path = OtherViews;
			sourceTree = "<group>";
		};
		B280675628170EE30040E0E4 /* StreamRowViews */ = {
			isa = PBXGroup;
			children = (
				B280675A28170EE30040E0E4 /* StreamRowView.swift */,
				B280675728170EE30040E0E4 /* SubViews */,
			);
			path = StreamRowViews;
			sourceTree = "<group>";
		};
		B280675728170EE30040E0E4 /* SubViews */ = {
			isa = PBXGroup;
			children = (
				B280675828170EE30040E0E4 /* LiveBadgeView.swift */,
				B280675928170EE30040E0E4 /* StreamerLogoView.swift */,
				B28067952817499B0040E0E4 /* ContextMenuView.swift */,
			);
			path = SubViews;
			sourceTree = "<group>";
		};
		B280675B28170EE30040E0E4 /* UpdateViews */ = {
			isa = PBXGroup;
			children = (
			);
			path = UpdateViews;
			sourceTree = "<group>";
		};
		B28067822817331B0040E0E4 /* Extensions */ = {
			isa = PBXGroup;
			children = (
				B2806784281733460040E0E4 /* Bundle+Extension.swift */,
				B2806785281733460040E0E4 /* Double+Extension.swift */,
				B2806787281733460040E0E4 /* NSTextField+Extension.swift */,
				B2806786281733460040E0E4 /* NSView+Extension.swift */,
				B2806783281733460040E0E4 /* View+Extension.swift */,
			);
			path = Extensions;
			sourceTree = "<group>";
		};
		B280679C281750090040E0E4 /* PreferencesView */ = {
			isa = PBXGroup;
			children = (
				B28067AB281750280040E0E4 /* PreferencesView.swift */,
				B28067AA281750280040E0E4 /* AuthSettingView.swift */,
				B28067A9281750280040E0E4 /* GeneralPreferenceView.swift */,
				B28067AC281750280040E0E4 /* LogsView.swift */,
			);
			path = PreferencesView;
			sourceTree = "<group>";
		};
		B28067BB28176BF50040E0E4 /* UpdateView */ = {
			isa = PBXGroup;
			children = (
				B28067BC28176BF50040E0E4 /* UpdateInfoView.swift */,
			);
			path = UpdateView;
			sourceTree = "<group>";
		};
		B2BAF8D528170E3000CF193C = {
			isa = PBXGroup;
			children = (
				B2BAF8E028170E3000CF193C /* NativeTwitch */,
				B2BAF8F228170E3100CF193C /* NativeTwitchTests */,
				B2BAF8DF28170E3000CF193C /* Products */,
			);
			sourceTree = "<group>";
		};
		B2BAF8DF28170E3000CF193C /* Products */ = {
			isa = PBXGroup;
			children = (
				B2BAF8DE28170E3000CF193C /* NativeTwitch.app */,
				B2BAF8EF28170E3100CF193C /* NativeTwitchTests.xctest */,
			);
			name = Products;
			sourceTree = "<group>";
		};
		B2BAF8E028170E3000CF193C /* NativeTwitch */ = {
			isa = PBXGroup;
			children = (
				B280678F281735B10040E0E4 /* Info.plist */,
				B2BAF8E128170E3000CF193C /* NativeTwitchApp.swift */,
				B280674A28170EE30040E0E4 /* ContentView.swift */,
				B280675228170EE30040E0E4 /* Views */,
				B280674328170EE30040E0E4 /* ViewModels */,
				B280674828170EE30040E0E4 /* Models */,
				B280674B28170EE30040E0E4 /* Helpers */,
				B28067822817331B0040E0E4 /* Extensions */,
				B2BAF8E528170E3100CF193C /* Assets.xcassets */,
				B2BAF8EA28170E3100CF193C /* NativeTwitch.entitlements */,
				B2BAF8E728170E3100CF193C /* Preview Content */,
			);
			path = NativeTwitch;
			sourceTree = "<group>";
		};
		B2BAF8E728170E3100CF193C /* Preview Content */ = {
			isa = PBXGroup;
			children = (
				B2BAF8E828170E3100CF193C /* Preview Assets.xcassets */,
			);
			path = "Preview Content";
			sourceTree = "<group>";
		};
		B2BAF8F228170E3100CF193C /* NativeTwitchTests */ = {
			isa = PBXGroup;
			children = (
				B2BAF8F328170E3100CF193C /* NativeTwitchTests.swift */,
			);
			path = NativeTwitchTests;
			sourceTree = "<group>";
		};
/* End PBXGroup section */

/* Begin PBXNativeTarget section */
		B2BAF8DD28170E3000CF193C /* NativeTwitch */ = {
			isa = PBXNativeTarget;
			buildConfigurationList = B2BAF90328170E3100CF193C /* Build configuration list for PBXNativeTarget "NativeTwitch" */;
			buildPhases = (
				B2BAF8DA28170E3000CF193C /* Sources */,
				B2BAF8DB28170E3000CF193C /* Frameworks */,
				B2BAF8DC28170E3000CF193C /* Resources */,
			);
			buildRules = (
			);
			dependencies = (
			);
			name = NativeTwitch;
			packageProductDependencies = (
				B2806778281722FA0040E0E4 /* Alamofire */,
				B280677B281723040040E0E4 /* Zip */,
				B280677E281728890040E0E4 /* SwiftyJSON */,
				B2806793281743740040E0E4 /* SDWebImageSwiftUI */,
			);
			productName = NativeTwitch;
			productReference = B2BAF8DE28170E3000CF193C /* NativeTwitch.app */;
			productType = "com.apple.product-type.application";
		};
		B2BAF8EE28170E3100CF193C /* NativeTwitchTests */ = {
			isa = PBXNativeTarget;
			buildConfigurationList = B2BAF90628170E3100CF193C /* Build configuration list for PBXNativeTarget "NativeTwitchTests" */;
			buildPhases = (
				B2BAF8EB28170E3100CF193C /* Sources */,
				B2BAF8EC28170E3100CF193C /* Frameworks */,
				B2BAF8ED28170E3100CF193C /* Resources */,
			);
			buildRules = (
			);
			dependencies = (
				B2BAF8F128170E3100CF193C /* PBXTargetDependency */,
			);
			name = NativeTwitchTests;
			productName = NativeTwitchTests;
			productReference = B2BAF8EF28170E3100CF193C /* NativeTwitchTests.xctest */;
			productType = "com.apple.product-type.bundle.unit-test";
		};
/* End PBXNativeTarget section */

/* Begin PBXProject section */
		B2BAF8D628170E3000CF193C /* Project object */ = {
			isa = PBXProject;
			attributes = {
				BuildIndependentTargetsInParallel = 1;
				LastSwiftUpdateCheck = 1330;
				LastUpgradeCheck = 1330;
				TargetAttributes = {
					B2BAF8DD28170E3000CF193C = {
						CreatedOnToolsVersion = 13.3.1;
					};
					B2BAF8EE28170E3100CF193C = {
						CreatedOnToolsVersion = 13.3.1;
						TestTargetID = B2BAF8DD28170E3000CF193C;
					};
				};
			};
			buildConfigurationList = B2BAF8D928170E3000CF193C /* Build configuration list for PBXProject "NativeTwitch" */;
			compatibilityVersion = "Xcode 13.0";
			developmentRegion = en;
			hasScannedForEncodings = 0;
			knownRegions = (
				en,
				Base,
			);
			mainGroup = B2BAF8D528170E3000CF193C;
			packageReferences = (
				B2806777281722FA0040E0E4 /* XCRemoteSwiftPackageReference "Alamofire" */,
				B280677A281723040040E0E4 /* XCRemoteSwiftPackageReference "Zip" */,
				B280677D281728890040E0E4 /* XCRemoteSwiftPackageReference "SwiftyJSON" */,
				B2806792281743740040E0E4 /* XCRemoteSwiftPackageReference "SDWebImageSwiftUI" */,
			);
			productRefGroup = B2BAF8DF28170E3000CF193C /* Products */;
			projectDirPath = "";
			projectRoot = "";
			targets = (
				B2BAF8DD28170E3000CF193C /* NativeTwitch */,
				B2BAF8EE28170E3100CF193C /* NativeTwitchTests */,
			);
		};
/* End PBXProject section */

/* Begin PBXResourcesBuildPhase section */
		B2BAF8DC28170E3000CF193C /* Resources */ = {
			isa = PBXResourcesBuildPhase;
			buildActionMask = 2147483647;
			files = (
				B2BAF8E928170E3100CF193C /* Preview Assets.xcassets in Resources */,
				B2BAF8E628170E3100CF193C /* Assets.xcassets in Resources */,
			);
			runOnlyForDeploymentPostprocessing = 0;
		};
		B2BAF8ED28170E3100CF193C /* Resources */ = {
			isa = PBXResourcesBuildPhase;
			buildActionMask = 2147483647;
			files = (
			);
			runOnlyForDeploymentPostprocessing = 0;
		};
/* End PBXResourcesBuildPhase section */

/* Begin PBXSourcesBuildPhase section */
		B2BAF8DA28170E3000CF193C /* Sources */ = {
			isa = PBXSourcesBuildPhase;
			buildActionMask = 2147483647;
			files = (
				B280676A28170F440040E0E4 /* LiveBadgeView.swift in Sources */,
				B28067BE28176BF90040E0E4 /* AutoUpdater.swift in Sources */,
				B280676B28170F460040E0E4 /* StreamerLogoView.swift in Sources */,
				B280678C281733500040E0E4 /* Double+Extension.swift in Sources */,
				B280676828170F3E0040E0E4 /* StreamsView.swift in Sources */,
				B28067C128176C8A0040E0E4 /* UpdateModel.swift in Sources */,
				B280678A281733500040E0E4 /* Bundle+Extension.swift in Sources */,
				B28067AD2817503E0040E0E4 /* PreferencesView.swift in Sources */,
				B2806791281735D90040E0E4 /* AddAuthView.swift in Sources */,
				B280676D281714DA0040E0E4 /* KeychainHelper.swift in Sources */,
				B28067B82817609E0040E0E4 /* CustomTextField.swift in Sources */,
				B28067962817499B0040E0E4 /* ContextMenuView.swift in Sources */,
				B280678128172BFA0040E0E4 /* StreamModel.swift in Sources */,
				B2BAF8E228170E3000CF193C /* NativeTwitchApp.swift in Sources */,
				B280678B281733500040E0E4 /* NSTextField+Extension.swift in Sources */,
				B280677628171E0B0040E0E4 /* TwitchDataViewModel.swift in Sources */,
				B2806789281733500040E0E4 /* View+Extension.swift in Sources */,
				B28067BA281763600040E0E4 /* LoadingStreamView.swift in Sources */,
				B28067B4281751150040E0E4 /* NeatButton.swift in Sources */,
				B2806788281733500040E0E4 /* NSView+Extension.swift in Sources */,
				B28067B2281751130040E0E4 /* LogText.swift in Sources */,
				B28067B62817547C0040E0E4 /* BottomBarView.swift in Sources */,
				B280676028170EE30040E0E4 /* ContentView.swift in Sources */,
				B280676228170EE90040E0E4 /* AppDelegate.swift in Sources */,
				B280676328170EEF0040E0E4 /* Constants.swift in Sources */,
				B28067AE2817503E0040E0E4 /* GeneralPreferenceView.swift in Sources */,
				B28067BF28176C020040E0E4 /* UpdateInfoView.swift in Sources */,
				B28067B02817503E0040E0E4 /* AuthSettingView.swift in Sources */,
				B28067AF2817503E0040E0E4 /* LogsView.swift in Sources */,
				B280676928170F400040E0E4 /* EmptyStreamView.swift in Sources */,
				B280676728170F170040E0E4 /* StreamRowView.swift in Sources */,
			);
			runOnlyForDeploymentPostprocessing = 0;
		};
		B2BAF8EB28170E3100CF193C /* Sources */ = {
			isa = PBXSourcesBuildPhase;
			buildActionMask = 2147483647;
			files = (
				B2BAF8F428170E3100CF193C /* NativeTwitchTests.swift in Sources */,
				B280676428170EF00040E0E4 /* Constants.swift in Sources */,
				B280678D281733550040E0E4 /* Double+Extension.swift in Sources */,
			);
			runOnlyForDeploymentPostprocessing = 0;
		};
/* End PBXSourcesBuildPhase section */

/* Begin PBXTargetDependency section */
		B2BAF8F128170E3100CF193C /* PBXTargetDependency */ = {
			isa = PBXTargetDependency;
			target = B2BAF8DD28170E3000CF193C /* NativeTwitch */;
			targetProxy = B2BAF8F028170E3100CF193C /* PBXContainerItemProxy */;
		};
/* End PBXTargetDependency section */

/* Begin XCBuildConfiguration section */
		B2BAF90128170E3100CF193C /* Debug */ = {
			isa = XCBuildConfiguration;
			buildSettings = {
				ALWAYS_SEARCH_USER_PATHS = NO;
				CLANG_ANALYZER_NONNULL = YES;
				CLANG_ANALYZER_NUMBER_OBJECT_CONVERSION = YES_AGGRESSIVE;
				CLANG_CXX_LANGUAGE_STANDARD = "gnu++17";
				CLANG_ENABLE_MODULES = YES;
				CLANG_ENABLE_OBJC_ARC = YES;
				CLANG_ENABLE_OBJC_WEAK = YES;
				CLANG_WARN_BLOCK_CAPTURE_AUTORELEASING = YES;
				CLANG_WARN_BOOL_CONVERSION = YES;
				CLANG_WARN_COMMA = YES;
				CLANG_WARN_CONSTANT_CONVERSION = YES;
				CLANG_WARN_DEPRECATED_OBJC_IMPLEMENTATIONS = YES;
				CLANG_WARN_DIRECT_OBJC_ISA_USAGE = YES_ERROR;
				CLANG_WARN_DOCUMENTATION_COMMENTS = YES;
				CLANG_WARN_EMPTY_BODY = YES;
				CLANG_WARN_ENUM_CONVERSION = YES;
				CLANG_WARN_INFINITE_RECURSION = YES;
				CLANG_WARN_INT_CONVERSION = YES;
				CLANG_WARN_NON_LITERAL_NULL_CONVERSION = YES;
				CLANG_WARN_OBJC_IMPLICIT_RETAIN_SELF = YES;
				CLANG_WARN_OBJC_LITERAL_CONVERSION = YES;
				CLANG_WARN_OBJC_ROOT_CLASS = YES_ERROR;
				CLANG_WARN_QUOTED_INCLUDE_IN_FRAMEWORK_HEADER = YES;
				CLANG_WARN_RANGE_LOOP_ANALYSIS = YES;
				CLANG_WARN_STRICT_PROTOTYPES = YES;
				CLANG_WARN_SUSPICIOUS_MOVE = YES;
				CLANG_WARN_UNGUARDED_AVAILABILITY = YES_AGGRESSIVE;
				CLANG_WARN_UNREACHABLE_CODE = YES;
				CLANG_WARN__DUPLICATE_METHOD_MATCH = YES;
				COPY_PHASE_STRIP = NO;
				DEBUG_INFORMATION_FORMAT = dwarf;
				ENABLE_STRICT_OBJC_MSGSEND = YES;
				ENABLE_TESTABILITY = YES;
				GCC_C_LANGUAGE_STANDARD = gnu11;
				GCC_DYNAMIC_NO_PIC = NO;
				GCC_NO_COMMON_BLOCKS = YES;
				GCC_OPTIMIZATION_LEVEL = 0;
				GCC_PREPROCESSOR_DEFINITIONS = (
					"DEBUG=1",
					"$(inherited)",
				);
				GCC_WARN_64_TO_32_BIT_CONVERSION = YES;
				GCC_WARN_ABOUT_RETURN_TYPE = YES_ERROR;
				GCC_WARN_UNDECLARED_SELECTOR = YES;
				GCC_WARN_UNINITIALIZED_AUTOS = YES_AGGRESSIVE;
				GCC_WARN_UNUSED_FUNCTION = YES;
				GCC_WARN_UNUSED_VARIABLE = YES;
				MACOSX_DEPLOYMENT_TARGET = 12.0;
				MTL_ENABLE_DEBUG_INFO = INCLUDE_SOURCE;
				MTL_FAST_MATH = YES;
				ONLY_ACTIVE_ARCH = YES;
				SDKROOT = macosx;
				SWIFT_ACTIVE_COMPILATION_CONDITIONS = DEBUG;
				SWIFT_OPTIMIZATION_LEVEL = "-Onone";
			};
			name = Debug;
		};
		B2BAF90228170E3100CF193C /* Release */ = {
			isa = XCBuildConfiguration;
			buildSettings = {
				ALWAYS_SEARCH_USER_PATHS = NO;
				CLANG_ANALYZER_NONNULL = YES;
				CLANG_ANALYZER_NUMBER_OBJECT_CONVERSION = YES_AGGRESSIVE;
				CLANG_CXX_LANGUAGE_STANDARD = "gnu++17";
				CLANG_ENABLE_MODULES = YES;
				CLANG_ENABLE_OBJC_ARC = YES;
				CLANG_ENABLE_OBJC_WEAK = YES;
				CLANG_WARN_BLOCK_CAPTURE_AUTORELEASING = YES;
				CLANG_WARN_BOOL_CONVERSION = YES;
				CLANG_WARN_COMMA = YES;
				CLANG_WARN_CONSTANT_CONVERSION = YES;
				CLANG_WARN_DEPRECATED_OBJC_IMPLEMENTATIONS = YES;
				CLANG_WARN_DIRECT_OBJC_ISA_USAGE = YES_ERROR;
				CLANG_WARN_DOCUMENTATION_COMMENTS = YES;
				CLANG_WARN_EMPTY_BODY = YES;
				CLANG_WARN_ENUM_CONVERSION = YES;
				CLANG_WARN_INFINITE_RECURSION = YES;
				CLANG_WARN_INT_CONVERSION = YES;
				CLANG_WARN_NON_LITERAL_NULL_CONVERSION = YES;
				CLANG_WARN_OBJC_IMPLICIT_RETAIN_SELF = YES;
				CLANG_WARN_OBJC_LITERAL_CONVERSION = YES;
				CLANG_WARN_OBJC_ROOT_CLASS = YES_ERROR;
				CLANG_WARN_QUOTED_INCLUDE_IN_FRAMEWORK_HEADER = YES;
				CLANG_WARN_RANGE_LOOP_ANALYSIS = YES;
				CLANG_WARN_STRICT_PROTOTYPES = YES;
				CLANG_WARN_SUSPICIOUS_MOVE = YES;
				CLANG_WARN_UNGUARDED_AVAILABILITY = YES_AGGRESSIVE;
				CLANG_WARN_UNREACHABLE_CODE = YES;
				CLANG_WARN__DUPLICATE_METHOD_MATCH = YES;
				COPY_PHASE_STRIP = NO;
				DEBUG_INFORMATION_FORMAT = "dwarf-with-dsym";
				ENABLE_NS_ASSERTIONS = NO;
				ENABLE_STRICT_OBJC_MSGSEND = YES;
				GCC_C_LANGUAGE_STANDARD = gnu11;
				GCC_NO_COMMON_BLOCKS = YES;
				GCC_WARN_64_TO_32_BIT_CONVERSION = YES;
				GCC_WARN_ABOUT_RETURN_TYPE = YES_ERROR;
				GCC_WARN_UNDECLARED_SELECTOR = YES;
				GCC_WARN_UNINITIALIZED_AUTOS = YES_AGGRESSIVE;
				GCC_WARN_UNUSED_FUNCTION = YES;
				GCC_WARN_UNUSED_VARIABLE = YES;
				MACOSX_DEPLOYMENT_TARGET = 12.0;
				MTL_ENABLE_DEBUG_INFO = NO;
				MTL_FAST_MATH = YES;
				SDKROOT = macosx;
				SWIFT_COMPILATION_MODE = wholemodule;
				SWIFT_OPTIMIZATION_LEVEL = "-O";
			};
			name = Release;
		};
		B2BAF90428170E3100CF193C /* Debug */ = {
			isa = XCBuildConfiguration;
			buildSettings = {
				ASSETCATALOG_COMPILER_APPICON_NAME = AppIcon;
				ASSETCATALOG_COMPILER_GLOBAL_ACCENT_COLOR_NAME = AccentColor;
				CODE_SIGN_ENTITLEMENTS = NativeTwitch/NativeTwitch.entitlements;
				CODE_SIGN_STYLE = Automatic;
				COMBINE_HIDPI_IMAGES = YES;
				CURRENT_PROJECT_VERSION = 12;
				DEVELOPMENT_ASSET_PATHS = "\"NativeTwitch/Preview Content\"";
				DEVELOPMENT_TEAM = 4538W4A79B;
				ENABLE_HARDENED_RUNTIME = YES;
				ENABLE_PREVIEWS = YES;
				GENERATE_INFOPLIST_FILE = YES;
				INFOPLIST_FILE = NativeTwitch/Info.plist;
				INFOPLIST_KEY_LSApplicationCategoryType = "public.app-category.entertainment";
				INFOPLIST_KEY_NSHumanReadableCopyright = "© Aayush Pokharel Github.com/Aayush9029 2022";
				LD_RUNPATH_SEARCH_PATHS = (
					"$(inherited)",
					"@executable_path/../Frameworks",
				);
				MARKETING_VERSION = 6.0;
				PRODUCT_BUNDLE_IDENTIFIER = com.aayush.opensource.v2.NativeTwitch;
				PRODUCT_NAME = "$(TARGET_NAME)";
				SWIFT_EMIT_LOC_STRINGS = YES;
				SWIFT_VERSION = 5.0;
			};
			name = Debug;
		};
		B2BAF90528170E3100CF193C /* Release */ = {
			isa = XCBuildConfiguration;
			buildSettings = {
				ASSETCATALOG_COMPILER_APPICON_NAME = AppIcon;
				ASSETCATALOG_COMPILER_GLOBAL_ACCENT_COLOR_NAME = AccentColor;
				CODE_SIGN_ENTITLEMENTS = NativeTwitch/NativeTwitch.entitlements;
				CODE_SIGN_STYLE = Automatic;
				COMBINE_HIDPI_IMAGES = YES;
				CURRENT_PROJECT_VERSION = 12;
				DEVELOPMENT_ASSET_PATHS = "\"NativeTwitch/Preview Content\"";
				DEVELOPMENT_TEAM = 4538W4A79B;
				ENABLE_HARDENED_RUNTIME = YES;
				ENABLE_PREVIEWS = YES;
				GENERATE_INFOPLIST_FILE = YES;
				INFOPLIST_FILE = NativeTwitch/Info.plist;
				INFOPLIST_KEY_LSApplicationCategoryType = "public.app-category.entertainment";
				INFOPLIST_KEY_NSHumanReadableCopyright = "© Aayush Pokharel Github.com/Aayush9029 2022";
				LD_RUNPATH_SEARCH_PATHS = (
					"$(inherited)",
					"@executable_path/../Frameworks",
				);
				MARKETING_VERSION = 6.0;
				PRODUCT_BUNDLE_IDENTIFIER = com.aayush.opensource.v2.NativeTwitch;
				PRODUCT_NAME = "$(TARGET_NAME)";
				SWIFT_EMIT_LOC_STRINGS = YES;
				SWIFT_VERSION = 5.0;
			};
			name = Release;
		};
		B2BAF90728170E3100CF193C /* Debug */ = {
			isa = XCBuildConfiguration;
			buildSettings = {
				ALWAYS_EMBED_SWIFT_STANDARD_LIBRARIES = YES;
				BUNDLE_LOADER = "$(TEST_HOST)";
				CODE_SIGN_STYLE = Automatic;
				CURRENT_PROJECT_VERSION = 1;
				DEVELOPMENT_TEAM = 4538W4A79B;
				GENERATE_INFOPLIST_FILE = YES;
				MACOSX_DEPLOYMENT_TARGET = 12.3;
				MARKETING_VERSION = 1.0;
				PRODUCT_BUNDLE_IDENTIFIER = com.aayush.opensource.v2.NativeTwitchTests;
				PRODUCT_NAME = "$(TARGET_NAME)";
				SWIFT_EMIT_LOC_STRINGS = NO;
				SWIFT_VERSION = 5.0;
				TEST_HOST = "$(BUILT_PRODUCTS_DIR)/NativeTwitch.app/Contents/MacOS/NativeTwitch";
			};
			name = Debug;
		};
		B2BAF90828170E3100CF193C /* Release */ = {
			isa = XCBuildConfiguration;
			buildSettings = {
				ALWAYS_EMBED_SWIFT_STANDARD_LIBRARIES = YES;
				BUNDLE_LOADER = "$(TEST_HOST)";
				CODE_SIGN_STYLE = Automatic;
				CURRENT_PROJECT_VERSION = 1;
				DEVELOPMENT_TEAM = 4538W4A79B;
				GENERATE_INFOPLIST_FILE = YES;
				MACOSX_DEPLOYMENT_TARGET = 12.3;
				MARKETING_VERSION = 1.0;
				PRODUCT_BUNDLE_IDENTIFIER = com.aayush.opensource.v2.NativeTwitchTests;
				PRODUCT_NAME = "$(TARGET_NAME)";
				SWIFT_EMIT_LOC_STRINGS = NO;
				SWIFT_VERSION = 5.0;
				TEST_HOST = "$(BUILT_PRODUCTS_DIR)/NativeTwitch.app/Contents/MacOS/NativeTwitch";
			};
			name = Release;
		};
/* End XCBuildConfiguration section */

/* Begin XCConfigurationList section */
		B2BAF8D928170E3000CF193C /* Build configuration list for PBXProject "NativeTwitch" */ = {
			isa = XCConfigurationList;
			buildConfigurations = (
				B2BAF90128170E3100CF193C /* Debug */,
				B2BAF90228170E3100CF193C /* Release */,
			);
			defaultConfigurationIsVisible = 0;
			defaultConfigurationName = Release;
		};
		B2BAF90328170E3100CF193C /* Build configuration list for PBXNativeTarget "NativeTwitch" */ = {
			isa = XCConfigurationList;
			buildConfigurations = (
				B2BAF90428170E3100CF193C /* Debug */,
				B2BAF90528170E3100CF193C /* Release */,
			);
			defaultConfigurationIsVisible = 0;
			defaultConfigurationName = Release;
		};
		B2BAF90628170E3100CF193C /* Build configuration list for PBXNativeTarget "NativeTwitchTests" */ = {
			isa = XCConfigurationList;
			buildConfigurations = (
				B2BAF90728170E3100CF193C /* Debug */,
				B2BAF90828170E3100CF193C /* Release */,
			);
			defaultConfigurationIsVisible = 0;
			defaultConfigurationName = Release;
		};
/* End XCConfigurationList section */

/* Begin XCRemoteSwiftPackageReference section */
		B2806777281722FA0040E0E4 /* XCRemoteSwiftPackageReference "Alamofire" */ = {
			isa = XCRemoteSwiftPackageReference;
			repositoryURL = "https://github.com/Alamofire/Alamofire.git";
			requirement = {
				branch = master;
				kind = branch;
			};
		};
		B280677A281723040040E0E4 /* XCRemoteSwiftPackageReference "Zip" */ = {
			isa = XCRemoteSwiftPackageReference;
			repositoryURL = "https://github.com/marmelroy/Zip.git";
			requirement = {
				branch = master;
				kind = branch;
			};
		};
		B280677D281728890040E0E4 /* XCRemoteSwiftPackageReference "SwiftyJSON" */ = {
			isa = XCRemoteSwiftPackageReference;
			repositoryURL = "https://github.com/SwiftyJSON/SwiftyJSON.git";
			requirement = {
				branch = master;
				kind = branch;
			};
		};
		B2806792281743740040E0E4 /* XCRemoteSwiftPackageReference "SDWebImageSwiftUI" */ = {
			isa = XCRemoteSwiftPackageReference;
			repositoryURL = "https://github.com/SDWebImage/SDWebImageSwiftUI.git";
			requirement = {
				branch = master;
				kind = branch;
			};
		};
/* End XCRemoteSwiftPackageReference section */

/* Begin XCSwiftPackageProductDependency section */
		B2806778281722FA0040E0E4 /* Alamofire */ = {
			isa = XCSwiftPackageProductDependency;
			package = B2806777281722FA0040E0E4 /* XCRemoteSwiftPackageReference "Alamofire" */;
			productName = Alamofire;
		};
		B280677B281723040040E0E4 /* Zip */ = {
			isa = XCSwiftPackageProductDependency;
			package = B280677A281723040040E0E4 /* XCRemoteSwiftPackageReference "Zip" */;
			productName = Zip;
		};
		B280677E281728890040E0E4 /* SwiftyJSON */ = {
			isa = XCSwiftPackageProductDependency;
			package = B280677D281728890040E0E4 /* XCRemoteSwiftPackageReference "SwiftyJSON" */;
			productName = SwiftyJSON;
		};
		B2806793281743740040E0E4 /* SDWebImageSwiftUI */ = {
			isa = XCSwiftPackageProductDependency;
			package = B2806792281743740040E0E4 /* XCRemoteSwiftPackageReference "SDWebImageSwiftUI" */;
			productName = SDWebImageSwiftUI;
		};
/* End XCSwiftPackageProductDependency section */
	};
	rootObject = B2BAF8D628170E3000CF193C /* Project object */;
}
