// !$*UTF8*$!
{
	archiveVersion = 1;
	classes = {
	};
	objectVersion = 52;
	objects = {

/* Begin PBXBuildFile section */
		C269946E2647088900B3DCF7 /* Alamofire in Frameworks */ = {isa = PBXBuildFile; productRef = C269946D2647088900B3DCF7 /* Alamofire */; };
		C269947126470C1400B3DCF7 /* SwiftyJSON in Frameworks */ = {isa = PBXBuildFile; productRef = C269947026470C1400B3DCF7 /* SwiftyJSON */; };
		C269947D2647251D00B3DCF7 /* SettingsView.swift in Sources */ = {isa = PBXBuildFile; fileRef = C269947C2647251D00B3DCF7 /* SettingsView.swift */; };
		C26994812647255000B3DCF7 /* StreamRowView.swift in Sources */ = {isa = PBXBuildFile; fileRef = C26994802647255000B3DCF7 /* StreamRowView.swift */; };
		C26FBE55264679F1006818AB /* TwitchDataViewModel.swift in Sources */ = {isa = PBXBuildFile; fileRef = C26FBE54264679F1006818AB /* TwitchDataViewModel.swift */; };
		C26FBE5A26467B26006818AB /* Constants.swift in Sources */ = {isa = PBXBuildFile; fileRef = C26FBE5926467B26006818AB /* Constants.swift */; };
		C271885726E273E2009C8002 /* LogText.swift in Sources */ = {isa = PBXBuildFile; fileRef = C271885626E273E2009C8002 /* LogText.swift */; };
		C2948E1926E424FC001EABC0 /* Stream.swift in Sources */ = {isa = PBXBuildFile; fileRef = C2948E1826E424FC001EABC0 /* Stream.swift */; };
		C2948E1B26E4250A001EABC0 /* User.swift in Sources */ = {isa = PBXBuildFile; fileRef = C2948E1A26E4250A001EABC0 /* User.swift */; };
		C2A7BCF026462B030038CFB5 /* NativeTwitchApp.swift in Sources */ = {isa = PBXBuildFile; fileRef = C2A7BCEF26462B030038CFB5 /* NativeTwitchApp.swift */; };
		C2A7BCF226462B030038CFB5 /* ContentView.swift in Sources */ = {isa = PBXBuildFile; fileRef = C2A7BCF126462B030038CFB5 /* ContentView.swift */; };
		C2A7BCF426462B050038CFB5 /* Assets.xcassets in Resources */ = {isa = PBXBuildFile; fileRef = C2A7BCF326462B050038CFB5 /* Assets.xcassets */; };
		C2A7BCF726462B050038CFB5 /* Preview Assets.xcassets in Resources */ = {isa = PBXBuildFile; fileRef = C2A7BCF626462B050038CFB5 /* Preview Assets.xcassets */; };
		C2E360D7272A3F54005C6858 /* Double+Extension.swift in Sources */ = {isa = PBXBuildFile; fileRef = C2E360D6272A3F54005C6858 /* Double+Extension.swift */; };
		C2E360D9272A3F77005C6858 /* NSTextField+Extension.swift in Sources */ = {isa = PBXBuildFile; fileRef = C2E360D8272A3F77005C6858 /* NSTextField+Extension.swift */; };
		C2E360DB272A3FBB005C6858 /* VisualEffectView.swift in Sources */ = {isa = PBXBuildFile; fileRef = C2E360DA272A3FBB005C6858 /* VisualEffectView.swift */; };
		C2E360DD272A451A005C6858 /* Updater.swift in Sources */ = {isa = PBXBuildFile; fileRef = C2E360DC272A451A005C6858 /* Updater.swift */; };
		C2E360DF272A4576005C6858 /* UpdateModel.swift in Sources */ = {isa = PBXBuildFile; fileRef = C2E360DE272A4576005C6858 /* UpdateModel.swift */; };
/* End PBXBuildFile section */

/* Begin PBXFileReference section */
		C269947C2647251D00B3DCF7 /* SettingsView.swift */ = {isa = PBXFileReference; lastKnownFileType = sourcecode.swift; path = SettingsView.swift; sourceTree = "<group>"; };
		C26994802647255000B3DCF7 /* StreamRowView.swift */ = {isa = PBXFileReference; lastKnownFileType = sourcecode.swift; path = StreamRowView.swift; sourceTree = "<group>"; };
		C26FBE54264679F1006818AB /* TwitchDataViewModel.swift */ = {isa = PBXFileReference; lastKnownFileType = sourcecode.swift; path = TwitchDataViewModel.swift; sourceTree = "<group>"; };
		C26FBE5926467B26006818AB /* Constants.swift */ = {isa = PBXFileReference; lastKnownFileType = sourcecode.swift; path = Constants.swift; sourceTree = "<group>"; };
		C271885626E273E2009C8002 /* LogText.swift */ = {isa = PBXFileReference; lastKnownFileType = sourcecode.swift; path = LogText.swift; sourceTree = "<group>"; };
		C2948E1826E424FC001EABC0 /* Stream.swift */ = {isa = PBXFileReference; lastKnownFileType = sourcecode.swift; path = Stream.swift; sourceTree = "<group>"; };
		C2948E1A26E4250A001EABC0 /* User.swift */ = {isa = PBXFileReference; lastKnownFileType = sourcecode.swift; path = User.swift; sourceTree = "<group>"; };
		C2A7BCEC26462B030038CFB5 /* NativeTwitch.app */ = {isa = PBXFileReference; explicitFileType = wrapper.application; includeInIndex = 0; path = NativeTwitch.app; sourceTree = BUILT_PRODUCTS_DIR; };
		C2A7BCEF26462B030038CFB5 /* NativeTwitchApp.swift */ = {isa = PBXFileReference; lastKnownFileType = sourcecode.swift; path = NativeTwitchApp.swift; sourceTree = "<group>"; };
		C2A7BCF126462B030038CFB5 /* ContentView.swift */ = {isa = PBXFileReference; lastKnownFileType = sourcecode.swift; path = ContentView.swift; sourceTree = "<group>"; };
		C2A7BCF326462B050038CFB5 /* Assets.xcassets */ = {isa = PBXFileReference; lastKnownFileType = folder.assetcatalog; path = Assets.xcassets; sourceTree = "<group>"; };
		C2A7BCF626462B050038CFB5 /* Preview Assets.xcassets */ = {isa = PBXFileReference; lastKnownFileType = folder.assetcatalog; path = "Preview Assets.xcassets"; sourceTree = "<group>"; };
		C2A7BCF826462B050038CFB5 /* Info.plist */ = {isa = PBXFileReference; lastKnownFileType = text.plist.xml; path = Info.plist; sourceTree = "<group>"; };
		C2A7BCF926462B050038CFB5 /* NativeTwitch.entitlements */ = {isa = PBXFileReference; lastKnownFileType = text.plist.entitlements; path = NativeTwitch.entitlements; sourceTree = "<group>"; };
		C2A7BD0226462B050038CFB5 /* NativeTwitchTests.swift */ = {isa = PBXFileReference; lastKnownFileType = sourcecode.swift; path = NativeTwitchTests.swift; sourceTree = "<group>"; };
		C2A7BD0426462B050038CFB5 /* Info.plist */ = {isa = PBXFileReference; lastKnownFileType = text.plist.xml; path = Info.plist; sourceTree = "<group>"; };
		C2E360D6272A3F54005C6858 /* Double+Extension.swift */ = {isa = PBXFileReference; lastKnownFileType = sourcecode.swift; path = "Double+Extension.swift"; sourceTree = "<group>"; };
		C2E360D8272A3F77005C6858 /* NSTextField+Extension.swift */ = {isa = PBXFileReference; lastKnownFileType = sourcecode.swift; path = "NSTextField+Extension.swift"; sourceTree = "<group>"; };
		C2E360DA272A3FBB005C6858 /* VisualEffectView.swift */ = {isa = PBXFileReference; lastKnownFileType = sourcecode.swift; path = VisualEffectView.swift; sourceTree = "<group>"; };
		C2E360DC272A451A005C6858 /* Updater.swift */ = {isa = PBXFileReference; lastKnownFileType = sourcecode.swift; path = Updater.swift; sourceTree = "<group>"; };
		C2E360DE272A4576005C6858 /* UpdateModel.swift */ = {isa = PBXFileReference; lastKnownFileType = sourcecode.swift; path = UpdateModel.swift; sourceTree = "<group>"; };
/* End PBXFileReference section */

/* Begin PBXFrameworksBuildPhase section */
		C2A7BCE926462B030038CFB5 /* Frameworks */ = {
			isa = PBXFrameworksBuildPhase;
			buildActionMask = 2147483647;
			files = (
				C269947126470C1400B3DCF7 /* SwiftyJSON in Frameworks */,
				C269946E2647088900B3DCF7 /* Alamofire in Frameworks */,
			);
			runOnlyForDeploymentPostprocessing = 0;
		};
/* End PBXFrameworksBuildPhase section */

/* Begin PBXGroup section */
		C2948E1726E424F0001EABC0 /* View Model */ = {
			isa = PBXGroup;
			children = (
				C26FBE54264679F1006818AB /* TwitchDataViewModel.swift */,
				C2E360DC272A451A005C6858 /* Updater.swift */,
			);
			path = "View Model";
			sourceTree = "<group>";
		};
		C2A7BCE326462B030038CFB5 = {
			isa = PBXGroup;
			children = (
				C2A7BCEE26462B030038CFB5 /* NativeTwitch */,
				C2A7BD0126462B050038CFB5 /* NativeTwitchTests */,
				C2A7BCED26462B030038CFB5 /* Products */,
			);
			sourceTree = "<group>";
		};
		C2A7BCED26462B030038CFB5 /* Products */ = {
			isa = PBXGroup;
			children = (
				C2A7BCEC26462B030038CFB5 /* NativeTwitch.app */,
			);
			name = Products;
			sourceTree = "<group>";
		};
		C2A7BCEE26462B030038CFB5 /* NativeTwitch */ = {
			isa = PBXGroup;
			children = (
				C2A7BCEF26462B030038CFB5 /* NativeTwitchApp.swift */,
				C2A7BCF126462B030038CFB5 /* ContentView.swift */,
				C2E360D5272A3F43005C6858 /* Extensions */,
				C2A7BD1C26462B320038CFB5 /* View */,
				C2948E1726E424F0001EABC0 /* View Model */,
				C2A7BD1B26462B2C0038CFB5 /* Model */,
				C2A7BCF326462B050038CFB5 /* Assets.xcassets */,
				C2A7BCF826462B050038CFB5 /* Info.plist */,
				C2A7BCF926462B050038CFB5 /* NativeTwitch.entitlements */,
				C2A7BCF526462B050038CFB5 /* Preview Content */,
			);
			path = NativeTwitch;
			sourceTree = "<group>";
		};
		C2A7BCF526462B050038CFB5 /* Preview Content */ = {
			isa = PBXGroup;
			children = (
				C2A7BCF626462B050038CFB5 /* Preview Assets.xcassets */,
			);
			path = "Preview Content";
			sourceTree = "<group>";
		};
		C2A7BD0126462B050038CFB5 /* NativeTwitchTests */ = {
			isa = PBXGroup;
			children = (
				C2A7BD0226462B050038CFB5 /* NativeTwitchTests.swift */,
				C2A7BD0426462B050038CFB5 /* Info.plist */,
			);
			path = NativeTwitchTests;
			sourceTree = "<group>";
		};
		C2A7BD1B26462B2C0038CFB5 /* Model */ = {
			isa = PBXGroup;
			children = (
				C26FBE5926467B26006818AB /* Constants.swift */,
				C2948E1826E424FC001EABC0 /* Stream.swift */,
				C2948E1A26E4250A001EABC0 /* User.swift */,
				C2E360DE272A4576005C6858 /* UpdateModel.swift */,
			);
			path = Model;
			sourceTree = "<group>";
		};
		C2A7BD1C26462B320038CFB5 /* View */ = {
			isa = PBXGroup;
			children = (
				C2E360DA272A3FBB005C6858 /* VisualEffectView.swift */,
				C269947C2647251D00B3DCF7 /* SettingsView.swift */,
				C26994802647255000B3DCF7 /* StreamRowView.swift */,
				C271885626E273E2009C8002 /* LogText.swift */,
			);
			path = View;
			sourceTree = "<group>";
		};
		C2E360D5272A3F43005C6858 /* Extensions */ = {
			isa = PBXGroup;
			children = (
				C2E360D6272A3F54005C6858 /* Double+Extension.swift */,
				C2E360D8272A3F77005C6858 /* NSTextField+Extension.swift */,
			);
			path = Extensions;
			sourceTree = "<group>";
		};
/* End PBXGroup section */

/* Begin PBXNativeTarget section */
		C2A7BCEB26462B030038CFB5 /* NativeTwitch */ = {
			isa = PBXNativeTarget;
			buildConfigurationList = C2A7BD1226462B050038CFB5 /* Build configuration list for PBXNativeTarget "NativeTwitch" */;
			buildPhases = (
				C2A7BCE826462B030038CFB5 /* Sources */,
				C2A7BCE926462B030038CFB5 /* Frameworks */,
				C2A7BCEA26462B030038CFB5 /* Resources */,
			);
			buildRules = (
			);
			dependencies = (
			);
			name = NativeTwitch;
			packageProductDependencies = (
				C269946D2647088900B3DCF7 /* Alamofire */,
				C269947026470C1400B3DCF7 /* SwiftyJSON */,
			);
			productName = NativeTwitch;
			productReference = C2A7BCEC26462B030038CFB5 /* NativeTwitch.app */;
			productType = "com.apple.product-type.application";
		};
/* End PBXNativeTarget section */

/* Begin PBXProject section */
		C2A7BCE426462B030038CFB5 /* Project object */ = {
			isa = PBXProject;
			attributes = {
				LastSwiftUpdateCheck = 1250;
				LastUpgradeCheck = 1250;
				TargetAttributes = {
					C2A7BCEB26462B030038CFB5 = {
						CreatedOnToolsVersion = 12.5;
					};
				};
			};
			buildConfigurationList = C2A7BCE726462B030038CFB5 /* Build configuration list for PBXProject "NativeTwitch" */;
			compatibilityVersion = "Xcode 9.3";
			developmentRegion = en;
			hasScannedForEncodings = 0;
			knownRegions = (
				en,
				Base,
			);
			mainGroup = C2A7BCE326462B030038CFB5;
			packageReferences = (
				C269946C2647088900B3DCF7 /* XCRemoteSwiftPackageReference "Alamofire" */,
				C269946F26470C1400B3DCF7 /* XCRemoteSwiftPackageReference "SwiftyJSON" */,
			);
			productRefGroup = C2A7BCED26462B030038CFB5 /* Products */;
			projectDirPath = "";
			projectRoot = "";
			targets = (
				C2A7BCEB26462B030038CFB5 /* NativeTwitch */,
			);
		};
/* End PBXProject section */

/* Begin PBXResourcesBuildPhase section */
		C2A7BCEA26462B030038CFB5 /* Resources */ = {
			isa = PBXResourcesBuildPhase;
			buildActionMask = 2147483647;
			files = (
				C2A7BCF726462B050038CFB5 /* Preview Assets.xcassets in Resources */,
				C2A7BCF426462B050038CFB5 /* Assets.xcassets in Resources */,
			);
			runOnlyForDeploymentPostprocessing = 0;
		};
/* End PBXResourcesBuildPhase section */

/* Begin PBXSourcesBuildPhase section */
		C2A7BCE826462B030038CFB5 /* Sources */ = {
			isa = PBXSourcesBuildPhase;
			buildActionMask = 2147483647;
			files = (
				C26FBE5A26467B26006818AB /* Constants.swift in Sources */,
				C271885726E273E2009C8002 /* LogText.swift in Sources */,
				C26FBE55264679F1006818AB /* TwitchDataViewModel.swift in Sources */,
				C2A7BCF226462B030038CFB5 /* ContentView.swift in Sources */,
				C2E360D7272A3F54005C6858 /* Double+Extension.swift in Sources */,
				C2E360DB272A3FBB005C6858 /* VisualEffectView.swift in Sources */,
				C2A7BCF026462B030038CFB5 /* NativeTwitchApp.swift in Sources */,
				C269947D2647251D00B3DCF7 /* SettingsView.swift in Sources */,
				C2E360DF272A4576005C6858 /* UpdateModel.swift in Sources */,
				C26994812647255000B3DCF7 /* StreamRowView.swift in Sources */,
				C2E360D9272A3F77005C6858 /* NSTextField+Extension.swift in Sources */,
				C2948E1926E424FC001EABC0 /* Stream.swift in Sources */,
				C2E360DD272A451A005C6858 /* Updater.swift in Sources */,
				C2948E1B26E4250A001EABC0 /* User.swift in Sources */,
			);
			runOnlyForDeploymentPostprocessing = 0;
		};
/* End PBXSourcesBuildPhase section */

/* Begin XCBuildConfiguration section */
		C2A7BD1026462B050038CFB5 /* Debug */ = {
			isa = XCBuildConfiguration;
			buildSettings = {
				ALWAYS_SEARCH_USER_PATHS = NO;
				CLANG_ANALYZER_NONNULL = YES;
				CLANG_ANALYZER_NUMBER_OBJECT_CONVERSION = YES_AGGRESSIVE;
				CLANG_CXX_LANGUAGE_STANDARD = "gnu++14";
				CLANG_CXX_LIBRARY = "libc++";
				CLANG_ENABLE_MODULES = YES;
				CLANG_ENABLE_OBJC_ARC = YES;
				CLANG_ENABLE_OBJC_WEAK = YES;
				CLANG_WARN_BLOCK_CAPTURE_AUTORELEASING = YES;
				CLANG_WARN_BOOL_CONVERSION = YES;
				CLANG_WARN_COMMA = YES;
				CLANG_WARN_CONSTANT_CONVERSION = YES;
				CLANG_WARN_DEPRECATED_OBJC_IMPLEMENTATIONS = YES;
				CLANG_WARN_DIRECT_OBJC_ISA_USAGE = YES_ERROR;
				CLANG_WARN_DOCUMENTATION_COMMENTS = YES;
				CLANG_WARN_EMPTY_BODY = YES;
				CLANG_WARN_ENUM_CONVERSION = YES;
				CLANG_WARN_INFINITE_RECURSION = YES;
				CLANG_WARN_INT_CONVERSION = YES;
				CLANG_WARN_NON_LITERAL_NULL_CONVERSION = YES;
				CLANG_WARN_OBJC_IMPLICIT_RETAIN_SELF = YES;
				CLANG_WARN_OBJC_LITERAL_CONVERSION = YES;
				CLANG_WARN_OBJC_ROOT_CLASS = YES_ERROR;
				CLANG_WARN_QUOTED_INCLUDE_IN_FRAMEWORK_HEADER = YES;
				CLANG_WARN_RANGE_LOOP_ANALYSIS = YES;
				CLANG_WARN_STRICT_PROTOTYPES = YES;
				CLANG_WARN_SUSPICIOUS_MOVE = YES;
				CLANG_WARN_UNGUARDED_AVAILABILITY = YES_AGGRESSIVE;
				CLANG_WARN_UNREACHABLE_CODE = YES;
				CLANG_WARN__DUPLICATE_METHOD_MATCH = YES;
				COPY_PHASE_STRIP = NO;
				DEBUG_INFORMATION_FORMAT = dwarf;
				ENABLE_STRICT_OBJC_MSGSEND = YES;
				ENABLE_TESTABILITY = YES;
				GCC_C_LANGUAGE_STANDARD = gnu11;
				GCC_DYNAMIC_NO_PIC = NO;
				GCC_NO_COMMON_BLOCKS = YES;
				GCC_OPTIMIZATION_LEVEL = 0;
				GCC_PREPROCESSOR_DEFINITIONS = (
					"DEBUG=1",
					"$(inherited)",
				);
				GCC_WARN_64_TO_32_BIT_CONVERSION = YES;
				GCC_WARN_ABOUT_RETURN_TYPE = YES_ERROR;
				GCC_WARN_UNDECLARED_SELECTOR = YES;
				GCC_WARN_UNINITIALIZED_AUTOS = YES_AGGRESSIVE;
				GCC_WARN_UNUSED_FUNCTION = YES;
				GCC_WARN_UNUSED_VARIABLE = YES;
				MACOSX_DEPLOYMENT_TARGET = 11.0;
				MTL_ENABLE_DEBUG_INFO = INCLUDE_SOURCE;
				MTL_FAST_MATH = YES;
				ONLY_ACTIVE_ARCH = YES;
				SDKROOT = macosx;
				SWIFT_ACTIVE_COMPILATION_CONDITIONS = DEBUG;
				SWIFT_OPTIMIZATION_LEVEL = "-Onone";
			};
			name = Debug;
		};
		C2A7BD1126462B050038CFB5 /* Release */ = {
			isa = XCBuildConfiguration;
			buildSettings = {
				ALWAYS_SEARCH_USER_PATHS = NO;
				CLANG_ANALYZER_NONNULL = YES;
				CLANG_ANALYZER_NUMBER_OBJECT_CONVERSION = YES_AGGRESSIVE;
				CLANG_CXX_LANGUAGE_STANDARD = "gnu++14";
				CLANG_CXX_LIBRARY = "libc++";
				CLANG_ENABLE_MODULES = YES;
				CLANG_ENABLE_OBJC_ARC = YES;
				CLANG_ENABLE_OBJC_WEAK = YES;
				CLANG_WARN_BLOCK_CAPTURE_AUTORELEASING = YES;
				CLANG_WARN_BOOL_CONVERSION = YES;
				CLANG_WARN_COMMA = YES;
				CLANG_WARN_CONSTANT_CONVERSION = YES;
				CLANG_WARN_DEPRECATED_OBJC_IMPLEMENTATIONS = YES;
				CLANG_WARN_DIRECT_OBJC_ISA_USAGE = YES_ERROR;
				CLANG_WARN_DOCUMENTATION_COMMENTS = YES;
				CLANG_WARN_EMPTY_BODY = YES;
				CLANG_WARN_ENUM_CONVERSION = YES;
				CLANG_WARN_INFINITE_RECURSION = YES;
				CLANG_WARN_INT_CONVERSION = YES;
				CLANG_WARN_NON_LITERAL_NULL_CONVERSION = YES;
				CLANG_WARN_OBJC_IMPLICIT_RETAIN_SELF = YES;
				CLANG_WARN_OBJC_LITERAL_CONVERSION = YES;
				CLANG_WARN_OBJC_ROOT_CLASS = YES_ERROR;
				CLANG_WARN_QUOTED_INCLUDE_IN_FRAMEWORK_HEADER = YES;
				CLANG_WARN_RANGE_LOOP_ANALYSIS = YES;
				CLANG_WARN_STRICT_PROTOTYPES = YES;
				CLANG_WARN_SUSPICIOUS_MOVE = YES;
				CLANG_WARN_UNGUARDED_AVAILABILITY = YES_AGGRESSIVE;
				CLANG_WARN_UNREACHABLE_CODE = YES;
				CLANG_WARN__DUPLICATE_METHOD_MATCH = YES;
				COPY_PHASE_STRIP = NO;
				DEBUG_INFORMATION_FORMAT = "dwarf-with-dsym";
				ENABLE_NS_ASSERTIONS = NO;
				ENABLE_STRICT_OBJC_MSGSEND = YES;
				GCC_C_LANGUAGE_STANDARD = gnu11;
				GCC_NO_COMMON_BLOCKS = YES;
				GCC_WARN_64_TO_32_BIT_CONVERSION = YES;
				GCC_WARN_ABOUT_RETURN_TYPE = YES_ERROR;
				GCC_WARN_UNDECLARED_SELECTOR = YES;
				GCC_WARN_UNINITIALIZED_AUTOS = YES_AGGRESSIVE;
				GCC_WARN_UNUSED_FUNCTION = YES;
				GCC_WARN_UNUSED_VARIABLE = YES;
				MACOSX_DEPLOYMENT_TARGET = 11.0;
				MTL_ENABLE_DEBUG_INFO = NO;
				MTL_FAST_MATH = YES;
				SDKROOT = macosx;
				SWIFT_COMPILATION_MODE = wholemodule;
				SWIFT_OPTIMIZATION_LEVEL = "-O";
			};
			name = Release;
		};
		C2A7BD1326462B050038CFB5 /* Debug */ = {
			isa = XCBuildConfiguration;
			buildSettings = {
				ASSETCATALOG_COMPILER_APPICON_NAME = AppIcon;
				ASSETCATALOG_COMPILER_GLOBAL_ACCENT_COLOR_NAME = AccentColor;
				CODE_SIGN_ENTITLEMENTS = NativeTwitch/NativeTwitch.entitlements;
				CODE_SIGN_IDENTITY = "Apple Development";
				CODE_SIGN_STYLE = Automatic;
				COMBINE_HIDPI_IMAGES = YES;
				CURRENT_PROJECT_VERSION = 4;
				DEVELOPMENT_ASSET_PATHS = "\"NativeTwitch/Preview Content\"";
				DEVELOPMENT_TEAM = 4538W4A79B;
				ENABLE_HARDENED_RUNTIME = YES;
				ENABLE_PREVIEWS = YES;
				INFOPLIST_FILE = NativeTwitch/Info.plist;
				LD_RUNPATH_SEARCH_PATHS = (
					"$(inherited)",
					"@executable_path/../Frameworks",
				);
				MACOSX_DEPLOYMENT_TARGET = 12.0;
				MARKETING_VERSION = 1.0;
				PRODUCT_BUNDLE_IDENTIFIER = com.aayush.opensource.NativeTwitch;
				PRODUCT_NAME = "$(TARGET_NAME)";
				SWIFT_VERSION = 5.0;
			};
			name = Debug;
		};
		C2A7BD1426462B050038CFB5 /* Release */ = {
			isa = XCBuildConfiguration;
			buildSettings = {
				ASSETCATALOG_COMPILER_APPICON_NAME = AppIcon;
				ASSETCATALOG_COMPILER_GLOBAL_ACCENT_COLOR_NAME = AccentColor;
				CODE_SIGN_ENTITLEMENTS = NativeTwitch/NativeTwitch.entitlements;
				CODE_SIGN_IDENTITY = "Apple Development";
				CODE_SIGN_STYLE = Automatic;
				COMBINE_HIDPI_IMAGES = YES;
				CURRENT_PROJECT_VERSION = 4;
				DEVELOPMENT_ASSET_PATHS = "\"NativeTwitch/Preview Content\"";
				DEVELOPMENT_TEAM = 4538W4A79B;
				ENABLE_HARDENED_RUNTIME = YES;
				ENABLE_PREVIEWS = YES;
				INFOPLIST_FILE = NativeTwitch/Info.plist;
				LD_RUNPATH_SEARCH_PATHS = (
					"$(inherited)",
					"@executable_path/../Frameworks",
				);
				MACOSX_DEPLOYMENT_TARGET = 12.0;
				MARKETING_VERSION = 1.0;
				PRODUCT_BUNDLE_IDENTIFIER = com.aayush.opensource.NativeTwitch;
				PRODUCT_NAME = "$(TARGET_NAME)";
				SWIFT_VERSION = 5.0;
			};
			name = Release;
		};
/* End XCBuildConfiguration section */

/* Begin XCConfigurationList section */
		C2A7BCE726462B030038CFB5 /* Build configuration list for PBXProject "NativeTwitch" */ = {
			isa = XCConfigurationList;
			buildConfigurations = (
				C2A7BD1026462B050038CFB5 /* Debug */,
				C2A7BD1126462B050038CFB5 /* Release */,
			);
			defaultConfigurationIsVisible = 0;
			defaultConfigurationName = Release;
		};
		C2A7BD1226462B050038CFB5 /* Build configuration list for PBXNativeTarget "NativeTwitch" */ = {
			isa = XCConfigurationList;
			buildConfigurations = (
				C2A7BD1326462B050038CFB5 /* Debug */,
				C2A7BD1426462B050038CFB5 /* Release */,
			);
			defaultConfigurationIsVisible = 0;
			defaultConfigurationName = Release;
		};
/* End XCConfigurationList section */

/* Begin XCRemoteSwiftPackageReference section */
		C269946C2647088900B3DCF7 /* XCRemoteSwiftPackageReference "Alamofire" */ = {
			isa = XCRemoteSwiftPackageReference;
			repositoryURL = "https://github.com/Alamofire/Alamofire.git";
			requirement = {
				kind = upToNextMajorVersion;
				minimumVersion = 5.4.3;
			};
		};
		C269946F26470C1400B3DCF7 /* XCRemoteSwiftPackageReference "SwiftyJSON" */ = {
			isa = XCRemoteSwiftPackageReference;
			repositoryURL = "https://github.com/SwiftyJSON/SwiftyJSON.git";
			requirement = {
				kind = upToNextMajorVersion;
				minimumVersion = 5.0.1;
			};
		};
/* End XCRemoteSwiftPackageReference section */

/* Begin XCSwiftPackageProductDependency section */
		C269946D2647088900B3DCF7 /* Alamofire */ = {
			isa = XCSwiftPackageProductDependency;
			package = C269946C2647088900B3DCF7 /* XCRemoteSwiftPackageReference "Alamofire" */;
			productName = Alamofire;
		};
		C269947026470C1400B3DCF7 /* SwiftyJSON */ = {
			isa = XCSwiftPackageProductDependency;
			package = C269946F26470C1400B3DCF7 /* XCRemoteSwiftPackageReference "SwiftyJSON" */;
			productName = SwiftyJSON;
		};
/* End XCSwiftPackageProductDependency section */
	};
	rootObject = C2A7BCE426462B030038CFB5 /* Project object */;
}
