// !$*UTF8*$!
{
	archiveVersion = 1;
	classes = {
	};
	objectVersion = 56;
	objects = {

/* Begin PBXBuildFile section */
		450871C62B291C4B00F938A2 /* NativeTwitchApp.swift in Sources */ = {isa = PBXBuildFile; fileRef = 450871C52B291C4B00F938A2 /* NativeTwitchApp.swift */; };
		450871C82B291C4B00F938A2 /* ContentView.swift in Sources */ = {isa = PBXBuildFile; fileRef = 450871C72B291C4B00F938A2 /* ContentView.swift */; };
		450871CA2B291C4C00F938A2 /* Assets.xcassets in Resources */ = {isa = PBXBuildFile; fileRef = 450871C92B291C4C00F938A2 /* Assets.xcassets */; };
		450871CD2B291C4C00F938A2 /* Preview Assets.xcassets in Resources */ = {isa = PBXBuildFile; fileRef = 450871CC2B291C4C00F938A2 /* Preview Assets.xcassets */; };
		450871DC2B291C8100F938A2 /* Logger+Extensions.swift in Sources */ = {isa = PBXBuildFile; fileRef = 450871DA2B291C7500F938A2 /* Logger+Extensions.swift */; };
		450871DD2B291C8100F938A2 /* View+Extension.swift in Sources */ = {isa = PBXBuildFile; fileRef = 450871DB2B291C7500F938A2 /* View+Extension.swift */; };
		450871DE2B291C8100F938A2 /* Double+Extension.swift in Sources */ = {isa = PBXBuildFile; fileRef = 450871D92B291C7500F938A2 /* Double+Extension.swift */; };
		450871DF2B291C8100F938A2 /* Bundle+Extensions.swift in Sources */ = {isa = PBXBuildFile; fileRef = 450871D82B291C7500F938A2 /* Bundle+Extensions.swift */; };
		450871E12B291C8800F938A2 /* VisualEffectView.swift in Sources */ = {isa = PBXBuildFile; fileRef = 450871E02B291C8800F938A2 /* VisualEffectView.swift */; };
		450871E42B291CBA00F938A2 /* KeychainHelper.swift in Sources */ = {isa = PBXBuildFile; fileRef = 450871E32B291CB900F938A2 /* KeychainHelper.swift */; };
		450871E62B291CDA00F938A2 /* AppDelegate.swift in Sources */ = {isa = PBXBuildFile; fileRef = 450871E52B291CDA00F938A2 /* AppDelegate.swift */; };
		450871E82B291CE400F938A2 /* AboutView.swift in Sources */ = {isa = PBXBuildFile; fileRef = 450871E72B291CDF00F938A2 /* AboutView.swift */; };
		4571283C2B2AA90700838150 /* Streams.swift in Sources */ = {isa = PBXBuildFile; fileRef = 4571283B2B2AA90700838150 /* Streams.swift */; };
		457128402B2AAB5C00838150 /* Constants.swift in Sources */ = {isa = PBXBuildFile; fileRef = 4571283F2B2AAB5C00838150 /* Constants.swift */; };
		457128422B2AAB6F00838150 /* String+Extensions.swift in Sources */ = {isa = PBXBuildFile; fileRef = 457128412B2AAB6F00838150 /* String+Extensions.swift */; };
		457128442B2AAE9A00838150 /* TwitchVM.swift in Sources */ = {isa = PBXBuildFile; fileRef = 457128432B2AAE9A00838150 /* TwitchVM.swift */; };
		457128462B2AAFC700838150 /* AuthModel.swift in Sources */ = {isa = PBXBuildFile; fileRef = 457128452B2AAFC700838150 /* AuthModel.swift */; };
		457128482B2AB2EA00838150 /* OauthValidate.swift in Sources */ = {isa = PBXBuildFile; fileRef = 457128472B2AB2EA00838150 /* OauthValidate.swift */; };
		45B914182B2D17D500B8D3D1 /* LoginView.swift in Sources */ = {isa = PBXBuildFile; fileRef = 45B914172B2D17D500B8D3D1 /* LoginView.swift */; };
		45B9141B2B2D1BFF00B8D3D1 /* LongButtonModifier.swift in Sources */ = {isa = PBXBuildFile; fileRef = 45B9141A2B2D1BFF00B8D3D1 /* LongButtonModifier.swift */; };
		45B9141D2B2D1D0500B8D3D1 /* CleanTextFieldStyle.swift in Sources */ = {isa = PBXBuildFile; fileRef = 45B9141C2B2D1D0400B8D3D1 /* CleanTextFieldStyle.swift */; };
		45B914252B2D27B400B8D3D1 /* LiveBadge.swift in Sources */ = {isa = PBXBuildFile; fileRef = 45B914242B2D27B400B8D3D1 /* LiveBadge.swift */; };
		45B914272B2D29CF00B8D3D1 /* StreamsView.swift in Sources */ = {isa = PBXBuildFile; fileRef = 45B914262B2D29CF00B8D3D1 /* StreamsView.swift */; };
		45B914292B2D308500B8D3D1 /* SingleStreamRow.swift in Sources */ = {isa = PBXBuildFile; fileRef = 45B914282B2D308500B8D3D1 /* SingleStreamRow.swift */; };
		45B9142B2B2D36B800B8D3D1 /* LinearGradient+Extensions.swift in Sources */ = {isa = PBXBuildFile; fileRef = 45B9142A2B2D36B800B8D3D1 /* LinearGradient+Extensions.swift */; };
		45B9142D2B2D375200B8D3D1 /* TransitionModifier.swift in Sources */ = {isa = PBXBuildFile; fileRef = 45B9142C2B2D375200B8D3D1 /* TransitionModifier.swift */; };
		45B914392B2D3C6B00B8D3D1 /* GenerativePreview.swift in Sources */ = {isa = PBXBuildFile; fileRef = 45B914382B2D3C5500B8D3D1 /* GenerativePreview.swift */; };
		45B9143A2B2D3C7600B8D3D1 /* AnimatedGradientFill.metal in Sources */ = {isa = PBXBuildFile; fileRef = 45B914362B2D3C5500B8D3D1 /* AnimatedGradientFill.metal */; };
		45B9143B2B2D3C7600B8D3D1 /* Sinebow.metal in Sources */ = {isa = PBXBuildFile; fileRef = 45B914352B2D3C5500B8D3D1 /* Sinebow.metal */; };
		45B9143C2B2D3C7900B8D3D1 /* LightGrid.metal in Sources */ = {isa = PBXBuildFile; fileRef = 45B914372B2D3C5500B8D3D1 /* LightGrid.metal */; };
/* End PBXBuildFile section */

/* Begin PBXFileReference section */
		450871C22B291C4B00F938A2 /* NativeTwitch.app */ = {isa = PBXFileReference; explicitFileType = wrapper.application; includeInIndex = 0; path = NativeTwitch.app; sourceTree = BUILT_PRODUCTS_DIR; };
		450871C52B291C4B00F938A2 /* NativeTwitchApp.swift */ = {isa = PBXFileReference; lastKnownFileType = sourcecode.swift; path = NativeTwitchApp.swift; sourceTree = "<group>"; };
		450871C72B291C4B00F938A2 /* ContentView.swift */ = {isa = PBXFileReference; lastKnownFileType = sourcecode.swift; path = ContentView.swift; sourceTree = "<group>"; };
		450871C92B291C4C00F938A2 /* Assets.xcassets */ = {isa = PBXFileReference; lastKnownFileType = folder.assetcatalog; path = Assets.xcassets; sourceTree = "<group>"; };
		450871CC2B291C4C00F938A2 /* Preview Assets.xcassets */ = {isa = PBXFileReference; lastKnownFileType = folder.assetcatalog; path = "Preview Assets.xcassets"; sourceTree = "<group>"; };
		450871CE2B291C4C00F938A2 /* NativeTwitch.entitlements */ = {isa = PBXFileReference; lastKnownFileType = text.plist.entitlements; path = NativeTwitch.entitlements; sourceTree = "<group>"; };
		450871D82B291C7500F938A2 /* Bundle+Extensions.swift */ = {isa = PBXFileReference; lastKnownFileType = sourcecode.swift; path = "Bundle+Extensions.swift"; sourceTree = "<group>"; };
		450871D92B291C7500F938A2 /* Double+Extension.swift */ = {isa = PBXFileReference; lastKnownFileType = sourcecode.swift; path = "Double+Extension.swift"; sourceTree = "<group>"; };
		450871DA2B291C7500F938A2 /* Logger+Extensions.swift */ = {isa = PBXFileReference; lastKnownFileType = sourcecode.swift; path = "Logger+Extensions.swift"; sourceTree = "<group>"; };
		450871DB2B291C7500F938A2 /* View+Extension.swift */ = {isa = PBXFileReference; lastKnownFileType = sourcecode.swift; path = "View+Extension.swift"; sourceTree = "<group>"; };
		450871E02B291C8800F938A2 /* VisualEffectView.swift */ = {isa = PBXFileReference; lastKnownFileType = sourcecode.swift; path = VisualEffectView.swift; sourceTree = "<group>"; };
		450871E32B291CB900F938A2 /* KeychainHelper.swift */ = {isa = PBXFileReference; lastKnownFileType = sourcecode.swift; path = KeychainHelper.swift; sourceTree = "<group>"; };
		450871E52B291CDA00F938A2 /* AppDelegate.swift */ = {isa = PBXFileReference; lastKnownFileType = sourcecode.swift; path = AppDelegate.swift; sourceTree = "<group>"; };
		450871E72B291CDF00F938A2 /* AboutView.swift */ = {isa = PBXFileReference; lastKnownFileType = sourcecode.swift; path = AboutView.swift; sourceTree = "<group>"; };
		4571283B2B2AA90700838150 /* Streams.swift */ = {isa = PBXFileReference; lastKnownFileType = sourcecode.swift; path = Streams.swift; sourceTree = "<group>"; };
		4571283F2B2AAB5C00838150 /* Constants.swift */ = {isa = PBXFileReference; lastKnownFileType = sourcecode.swift; path = Constants.swift; sourceTree = "<group>"; };
		457128412B2AAB6F00838150 /* String+Extensions.swift */ = {isa = PBXFileReference; lastKnownFileType = sourcecode.swift; path = "String+Extensions.swift"; sourceTree = "<group>"; };
		457128432B2AAE9A00838150 /* TwitchVM.swift */ = {isa = PBXFileReference; lastKnownFileType = sourcecode.swift; path = TwitchVM.swift; sourceTree = "<group>"; };
		457128452B2AAFC700838150 /* AuthModel.swift */ = {isa = PBXFileReference; lastKnownFileType = sourcecode.swift; path = AuthModel.swift; sourceTree = "<group>"; };
		457128472B2AB2EA00838150 /* OauthValidate.swift */ = {isa = PBXFileReference; lastKnownFileType = sourcecode.swift; path = OauthValidate.swift; sourceTree = "<group>"; };
		45B914172B2D17D500B8D3D1 /* LoginView.swift */ = {isa = PBXFileReference; lastKnownFileType = sourcecode.swift; path = LoginView.swift; sourceTree = "<group>"; };
		45B9141A2B2D1BFF00B8D3D1 /* LongButtonModifier.swift */ = {isa = PBXFileReference; lastKnownFileType = sourcecode.swift; path = LongButtonModifier.swift; sourceTree = "<group>"; };
		45B9141C2B2D1D0400B8D3D1 /* CleanTextFieldStyle.swift */ = {isa = PBXFileReference; lastKnownFileType = sourcecode.swift; path = CleanTextFieldStyle.swift; sourceTree = "<group>"; };
		45B914242B2D27B400B8D3D1 /* LiveBadge.swift */ = {isa = PBXFileReference; lastKnownFileType = sourcecode.swift; path = LiveBadge.swift; sourceTree = "<group>"; };
		45B914262B2D29CF00B8D3D1 /* StreamsView.swift */ = {isa = PBXFileReference; lastKnownFileType = sourcecode.swift; path = StreamsView.swift; sourceTree = "<group>"; };
		45B914282B2D308500B8D3D1 /* SingleStreamRow.swift */ = {isa = PBXFileReference; lastKnownFileType = sourcecode.swift; path = SingleStreamRow.swift; sourceTree = "<group>"; };
		45B9142A2B2D36B800B8D3D1 /* LinearGradient+Extensions.swift */ = {isa = PBXFileReference; lastKnownFileType = sourcecode.swift; path = "LinearGradient+Extensions.swift"; sourceTree = "<group>"; };
		45B9142C2B2D375200B8D3D1 /* TransitionModifier.swift */ = {isa = PBXFileReference; lastKnownFileType = sourcecode.swift; path = TransitionModifier.swift; sourceTree = "<group>"; };
		45B914352B2D3C5500B8D3D1 /* Sinebow.metal */ = {isa = PBXFileReference; lastKnownFileType = sourcecode.metal; path = Sinebow.metal; sourceTree = "<group>"; };
		45B914362B2D3C5500B8D3D1 /* AnimatedGradientFill.metal */ = {isa = PBXFileReference; lastKnownFileType = sourcecode.metal; path = AnimatedGradientFill.metal; sourceTree = "<group>"; };
		45B914372B2D3C5500B8D3D1 /* LightGrid.metal */ = {isa = PBXFileReference; lastKnownFileType = sourcecode.metal; path = LightGrid.metal; sourceTree = "<group>"; };
		45B914382B2D3C5500B8D3D1 /* GenerativePreview.swift */ = {isa = PBXFileReference; lastKnownFileType = sourcecode.swift; path = GenerativePreview.swift; sourceTree = "<group>"; };
/* End PBXFileReference section */

/* Begin PBXFrameworksBuildPhase section */
		450871BF2B291C4B00F938A2 /* Frameworks */ = {
			isa = PBXFrameworksBuildPhase;
			buildActionMask = 2147483647;
			files = (
			);
			runOnlyForDeploymentPostprocessing = 0;
		};
/* End PBXFrameworksBuildPhase section */

/* Begin PBXGroup section */
		450871B92B291C4B00F938A2 = {
			isa = PBXGroup;
			children = (
				450871C42B291C4B00F938A2 /* NativeTwitch */,
				450871C32B291C4B00F938A2 /* Products */,
			);
			sourceTree = "<group>";
		};
		450871C32B291C4B00F938A2 /* Products */ = {
			isa = PBXGroup;
			children = (
				450871C22B291C4B00F938A2 /* NativeTwitch.app */,
			);
			name = Products;
			sourceTree = "<group>";
		};
		450871C42B291C4B00F938A2 /* NativeTwitch */ = {
			isa = PBXGroup;
			children = (
				450871C52B291C4B00F938A2 /* NativeTwitchApp.swift */,
				450871C72B291C4B00F938A2 /* ContentView.swift */,
				45B914342B2D3C5500B8D3D1 /* Shaders */,
				450871D52B291C5500F938A2 /* Views */,
				450871D72B291C5D00F938A2 /* ViewModels */,
				450871D62B291C5800F938A2 /* Models */,
				450871E22B291CAE00F938A2 /* Helpers */,
				450871D42B291C5000F938A2 /* Extensions */,
				45B914192B2D1BEB00B8D3D1 /* ViewModifiers */,
				450871C92B291C4C00F938A2 /* Assets.xcassets */,
				450871CE2B291C4C00F938A2 /* NativeTwitch.entitlements */,
				450871CB2B291C4C00F938A2 /* Preview Content */,
			);
			path = NativeTwitch;
			sourceTree = "<group>";
		};
		450871CB2B291C4C00F938A2 /* Preview Content */ = {
			isa = PBXGroup;
			children = (
				450871CC2B291C4C00F938A2 /* Preview Assets.xcassets */,
			);
			path = "Preview Content";
			sourceTree = "<group>";
		};
		450871D42B291C5000F938A2 /* Extensions */ = {
			isa = PBXGroup;
			children = (
				450871D82B291C7500F938A2 /* Bundle+Extensions.swift */,
				450871D92B291C7500F938A2 /* Double+Extension.swift */,
				450871DA2B291C7500F938A2 /* Logger+Extensions.swift */,
				450871DB2B291C7500F938A2 /* View+Extension.swift */,
				450871E02B291C8800F938A2 /* VisualEffectView.swift */,
				457128412B2AAB6F00838150 /* String+Extensions.swift */,
				45B9142A2B2D36B800B8D3D1 /* LinearGradient+Extensions.swift */,
			);
			path = Extensions;
			sourceTree = "<group>";
		};
		450871D52B291C5500F938A2 /* Views */ = {
			isa = PBXGroup;
			children = (
				45B914232B2D27AC00B8D3D1 /* Subviews */,
				450871E72B291CDF00F938A2 /* AboutView.swift */,
				45B914172B2D17D500B8D3D1 /* LoginView.swift */,
				45B914262B2D29CF00B8D3D1 /* StreamsView.swift */,
				45B914282B2D308500B8D3D1 /* SingleStreamRow.swift */,
			);
			path = Views;
			sourceTree = "<group>";
		};
		450871D62B291C5800F938A2 /* Models */ = {
			isa = PBXGroup;
			children = (
				4571283B2B2AA90700838150 /* Streams.swift */,
				4571283F2B2AAB5C00838150 /* Constants.swift */,
				457128452B2AAFC700838150 /* AuthModel.swift */,
				457128472B2AB2EA00838150 /* OauthValidate.swift */,
			);
			path = Models;
			sourceTree = "<group>";
		};
		450871D72B291C5D00F938A2 /* ViewModels */ = {
			isa = PBXGroup;
			children = (
				457128432B2AAE9A00838150 /* TwitchVM.swift */,
			);
			path = ViewModels;
			sourceTree = "<group>";
		};
		450871E22B291CAE00F938A2 /* Helpers */ = {
			isa = PBXGroup;
			children = (
				450871E52B291CDA00F938A2 /* AppDelegate.swift */,
				450871E32B291CB900F938A2 /* KeychainHelper.swift */,
			);
			path = Helpers;
			sourceTree = "<group>";
		};
		45B914192B2D1BEB00B8D3D1 /* ViewModifiers */ = {
			isa = PBXGroup;
			children = (
				45B9141A2B2D1BFF00B8D3D1 /* LongButtonModifier.swift */,
				45B9141C2B2D1D0400B8D3D1 /* CleanTextFieldStyle.swift */,
				45B9142C2B2D375200B8D3D1 /* TransitionModifier.swift */,
			);
			path = ViewModifiers;
			sourceTree = "<group>";
		};
		45B914232B2D27AC00B8D3D1 /* Subviews */ = {
			isa = PBXGroup;
			children = (
				45B914242B2D27B400B8D3D1 /* LiveBadge.swift */,
			);
			path = Subviews;
			sourceTree = "<group>";
		};
		45B914342B2D3C5500B8D3D1 /* Shaders */ = {
			isa = PBXGroup;
			children = (
				45B914352B2D3C5500B8D3D1 /* Sinebow.metal */,
				45B914362B2D3C5500B8D3D1 /* AnimatedGradientFill.metal */,
				45B914372B2D3C5500B8D3D1 /* LightGrid.metal */,
				45B914382B2D3C5500B8D3D1 /* GenerativePreview.swift */,
			);
			path = Shaders;
			sourceTree = "<group>";
		};
/* End PBXGroup section */

/* Begin PBXNativeTarget section */
		450871C12B291C4B00F938A2 /* NativeTwitch */ = {
			isa = PBXNativeTarget;
			buildConfigurationList = 450871D12B291C4C00F938A2 /* Build configuration list for PBXNativeTarget "NativeTwitch" */;
			buildPhases = (
				450871BE2B291C4B00F938A2 /* Sources */,
				450871BF2B291C4B00F938A2 /* Frameworks */,
				450871C02B291C4B00F938A2 /* Resources */,
			);
			buildRules = (
			);
			dependencies = (
			);
			name = NativeTwitch;
			packageProductDependencies = (
			);
			productName = NativeTwitch;
			productReference = 450871C22B291C4B00F938A2 /* NativeTwitch.app */;
			productType = "com.apple.product-type.application";
		};
/* End PBXNativeTarget section */

/* Begin PBXProject section */
		450871BA2B291C4B00F938A2 /* Project object */ = {
			isa = PBXProject;
			attributes = {
				BuildIndependentTargetsInParallel = 1;
				LastSwiftUpdateCheck = 1510;
				LastUpgradeCheck = 1510;
				TargetAttributes = {
					450871C12B291C4B00F938A2 = {
						CreatedOnToolsVersion = 15.1;
					};
				};
			};
			buildConfigurationList = 450871BD2B291C4B00F938A2 /* Build configuration list for PBXProject "NativeTwitch" */;
			compatibilityVersion = "Xcode 14.0";
			developmentRegion = en;
			hasScannedForEncodings = 0;
			knownRegions = (
				en,
				Base,
			);
			mainGroup = 450871B92B291C4B00F938A2;
			packageReferences = (
			);
			productRefGroup = 450871C32B291C4B00F938A2 /* Products */;
			projectDirPath = "";
			projectRoot = "";
			targets = (
				450871C12B291C4B00F938A2 /* NativeTwitch */,
			);
		};
/* End PBXProject section */

/* Begin PBXResourcesBuildPhase section */
		450871C02B291C4B00F938A2 /* Resources */ = {
			isa = PBXResourcesBuildPhase;
			buildActionMask = 2147483647;
			files = (
				450871CD2B291C4C00F938A2 /* Preview Assets.xcassets in Resources */,
				450871CA2B291C4C00F938A2 /* Assets.xcassets in Resources */,
			);
			runOnlyForDeploymentPostprocessing = 0;
		};
/* End PBXResourcesBuildPhase section */

/* Begin PBXSourcesBuildPhase section */
		450871BE2B291C4B00F938A2 /* Sources */ = {
			isa = PBXSourcesBuildPhase;
			buildActionMask = 2147483647;
			files = (
				45B9141B2B2D1BFF00B8D3D1 /* LongButtonModifier.swift in Sources */,
				45B9141D2B2D1D0500B8D3D1 /* CleanTextFieldStyle.swift in Sources */,
				450871DC2B291C8100F938A2 /* Logger+Extensions.swift in Sources */,
				450871C82B291C4B00F938A2 /* ContentView.swift in Sources */,
				450871E12B291C8800F938A2 /* VisualEffectView.swift in Sources */,
				450871E62B291CDA00F938A2 /* AppDelegate.swift in Sources */,
				45B9143C2B2D3C7900B8D3D1 /* LightGrid.metal in Sources */,
				45B9143A2B2D3C7600B8D3D1 /* AnimatedGradientFill.metal in Sources */,
				45B914272B2D29CF00B8D3D1 /* StreamsView.swift in Sources */,
				45B914292B2D308500B8D3D1 /* SingleStreamRow.swift in Sources */,
				45B9143B2B2D3C7600B8D3D1 /* Sinebow.metal in Sources */,
				457128442B2AAE9A00838150 /* TwitchVM.swift in Sources */,
				45B914252B2D27B400B8D3D1 /* LiveBadge.swift in Sources */,
				450871E82B291CE400F938A2 /* AboutView.swift in Sources */,
				450871E42B291CBA00F938A2 /* KeychainHelper.swift in Sources */,
				457128482B2AB2EA00838150 /* OauthValidate.swift in Sources */,
				4571283C2B2AA90700838150 /* Streams.swift in Sources */,
				45B914392B2D3C6B00B8D3D1 /* GenerativePreview.swift in Sources */,
				45B9142B2B2D36B800B8D3D1 /* LinearGradient+Extensions.swift in Sources */,
				450871DD2B291C8100F938A2 /* View+Extension.swift in Sources */,
				45B914182B2D17D500B8D3D1 /* LoginView.swift in Sources */,
				457128422B2AAB6F00838150 /* String+Extensions.swift in Sources */,
				450871DF2B291C8100F938A2 /* Bundle+Extensions.swift in Sources */,
				457128402B2AAB5C00838150 /* Constants.swift in Sources */,
				457128462B2AAFC700838150 /* AuthModel.swift in Sources */,
				45B9142D2B2D375200B8D3D1 /* TransitionModifier.swift in Sources */,
				450871DE2B291C8100F938A2 /* Double+Extension.swift in Sources */,
				450871C62B291C4B00F938A2 /* NativeTwitchApp.swift in Sources */,
			);
			runOnlyForDeploymentPostprocessing = 0;
		};
/* End PBXSourcesBuildPhase section */

/* Begin XCBuildConfiguration section */
		450871CF2B291C4C00F938A2 /* Debug */ = {
			isa = XCBuildConfiguration;
			buildSettings = {
				ALWAYS_SEARCH_USER_PATHS = NO;
				ASSETCATALOG_COMPILER_GENERATE_SWIFT_ASSET_SYMBOL_EXTENSIONS = YES;
				CLANG_ANALYZER_NONNULL = YES;
				CLANG_ANALYZER_NUMBER_OBJECT_CONVERSION = YES_AGGRESSIVE;
				CLANG_CXX_LANGUAGE_STANDARD = "gnu++20";
				CLANG_ENABLE_MODULES = YES;
				CLANG_ENABLE_OBJC_ARC = YES;
				CLANG_ENABLE_OBJC_WEAK = YES;
				CLANG_WARN_BLOCK_CAPTURE_AUTORELEASING = YES;
				CLANG_WARN_BOOL_CONVERSION = YES;
				CLANG_WARN_COMMA = YES;
				CLANG_WARN_CONSTANT_CONVERSION = YES;
				CLANG_WARN_DEPRECATED_OBJC_IMPLEMENTATIONS = YES;
				CLANG_WARN_DIRECT_OBJC_ISA_USAGE = YES_ERROR;
				CLANG_WARN_DOCUMENTATION_COMMENTS = YES;
				CLANG_WARN_EMPTY_BODY = YES;
				CLANG_WARN_ENUM_CONVERSION = YES;
				CLANG_WARN_INFINITE_RECURSION = YES;
				CLANG_WARN_INT_CONVERSION = YES;
				CLANG_WARN_NON_LITERAL_NULL_CONVERSION = YES;
				CLANG_WARN_OBJC_IMPLICIT_RETAIN_SELF = YES;
				CLANG_WARN_OBJC_LITERAL_CONVERSION = YES;
				CLANG_WARN_OBJC_ROOT_CLASS = YES_ERROR;
				CLANG_WARN_QUOTED_INCLUDE_IN_FRAMEWORK_HEADER = YES;
				CLANG_WARN_RANGE_LOOP_ANALYSIS = YES;
				CLANG_WARN_STRICT_PROTOTYPES = YES;
				CLANG_WARN_SUSPICIOUS_MOVE = YES;
				CLANG_WARN_UNGUARDED_AVAILABILITY = YES_AGGRESSIVE;
				CLANG_WARN_UNREACHABLE_CODE = YES;
				CLANG_WARN__DUPLICATE_METHOD_MATCH = YES;
				COPY_PHASE_STRIP = NO;
				DEBUG_INFORMATION_FORMAT = dwarf;
				ENABLE_STRICT_OBJC_MSGSEND = YES;
				ENABLE_TESTABILITY = YES;
				ENABLE_USER_SCRIPT_SANDBOXING = YES;
				GCC_C_LANGUAGE_STANDARD = gnu17;
				GCC_DYNAMIC_NO_PIC = NO;
				GCC_NO_COMMON_BLOCKS = YES;
				GCC_OPTIMIZATION_LEVEL = 0;
				GCC_PREPROCESSOR_DEFINITIONS = (
					"DEBUG=1",
					"$(inherited)",
				);
				GCC_WARN_64_TO_32_BIT_CONVERSION = YES;
				GCC_WARN_ABOUT_RETURN_TYPE = YES_ERROR;
				GCC_WARN_UNDECLARED_SELECTOR = YES;
				GCC_WARN_UNINITIALIZED_AUTOS = YES_AGGRESSIVE;
				GCC_WARN_UNUSED_FUNCTION = YES;
				GCC_WARN_UNUSED_VARIABLE = YES;
				LOCALIZATION_PREFERS_STRING_CATALOGS = YES;
				MACOSX_DEPLOYMENT_TARGET = 14.0;
				MTL_ENABLE_DEBUG_INFO = INCLUDE_SOURCE;
				MTL_FAST_MATH = YES;
				ONLY_ACTIVE_ARCH = YES;
				SDKROOT = macosx;
				SWIFT_ACTIVE_COMPILATION_CONDITIONS = "DEBUG $(inherited)";
				SWIFT_OPTIMIZATION_LEVEL = "-Onone";
			};
			name = Debug;
		};
		450871D02B291C4C00F938A2 /* Release */ = {
			isa = XCBuildConfiguration;
			buildSettings = {
				ALWAYS_SEARCH_USER_PATHS = NO;
				ASSETCATALOG_COMPILER_GENERATE_SWIFT_ASSET_SYMBOL_EXTENSIONS = YES;
				CLANG_ANALYZER_NONNULL = YES;
				CLANG_ANALYZER_NUMBER_OBJECT_CONVERSION = YES_AGGRESSIVE;
				CLANG_CXX_LANGUAGE_STANDARD = "gnu++20";
				CLANG_ENABLE_MODULES = YES;
				CLANG_ENABLE_OBJC_ARC = YES;
				CLANG_ENABLE_OBJC_WEAK = YES;
				CLANG_WARN_BLOCK_CAPTURE_AUTORELEASING = YES;
				CLANG_WARN_BOOL_CONVERSION = YES;
				CLANG_WARN_COMMA = YES;
				CLANG_WARN_CONSTANT_CONVERSION = YES;
				CLANG_WARN_DEPRECATED_OBJC_IMPLEMENTATIONS = YES;
				CLANG_WARN_DIRECT_OBJC_ISA_USAGE = YES_ERROR;
				CLANG_WARN_DOCUMENTATION_COMMENTS = YES;
				CLANG_WARN_EMPTY_BODY = YES;
				CLANG_WARN_ENUM_CONVERSION = YES;
				CLANG_WARN_INFINITE_RECURSION = YES;
				CLANG_WARN_INT_CONVERSION = YES;
				CLANG_WARN_NON_LITERAL_NULL_CONVERSION = YES;
				CLANG_WARN_OBJC_IMPLICIT_RETAIN_SELF = YES;
				CLANG_WARN_OBJC_LITERAL_CONVERSION = YES;
				CLANG_WARN_OBJC_ROOT_CLASS = YES_ERROR;
				CLANG_WARN_QUOTED_INCLUDE_IN_FRAMEWORK_HEADER = YES;
				CLANG_WARN_RANGE_LOOP_ANALYSIS = YES;
				CLANG_WARN_STRICT_PROTOTYPES = YES;
				CLANG_WARN_SUSPICIOUS_MOVE = YES;
				CLANG_WARN_UNGUARDED_AVAILABILITY = YES_AGGRESSIVE;
				CLANG_WARN_UNREACHABLE_CODE = YES;
				CLANG_WARN__DUPLICATE_METHOD_MATCH = YES;
				COPY_PHASE_STRIP = NO;
				DEBUG_INFORMATION_FORMAT = "dwarf-with-dsym";
				ENABLE_NS_ASSERTIONS = NO;
				ENABLE_STRICT_OBJC_MSGSEND = YES;
				ENABLE_USER_SCRIPT_SANDBOXING = YES;
				GCC_C_LANGUAGE_STANDARD = gnu17;
				GCC_NO_COMMON_BLOCKS = YES;
				GCC_WARN_64_TO_32_BIT_CONVERSION = YES;
				GCC_WARN_ABOUT_RETURN_TYPE = YES_ERROR;
				GCC_WARN_UNDECLARED_SELECTOR = YES;
				GCC_WARN_UNINITIALIZED_AUTOS = YES_AGGRESSIVE;
				GCC_WARN_UNUSED_FUNCTION = YES;
				GCC_WARN_UNUSED_VARIABLE = YES;
				LOCALIZATION_PREFERS_STRING_CATALOGS = YES;
				MACOSX_DEPLOYMENT_TARGET = 14.0;
				MTL_ENABLE_DEBUG_INFO = NO;
				MTL_FAST_MATH = YES;
				SDKROOT = macosx;
				SWIFT_COMPILATION_MODE = wholemodule;
			};
			name = Release;
		};
		450871D22B291C4C00F938A2 /* Debug */ = {
			isa = XCBuildConfiguration;
			buildSettings = {
				ASSETCATALOG_COMPILER_APPICON_NAME = AppIcon;
				ASSETCATALOG_COMPILER_GLOBAL_ACCENT_COLOR_NAME = AccentColor;
				CODE_SIGN_ENTITLEMENTS = NativeTwitch/NativeTwitch.entitlements;
				CODE_SIGN_STYLE = Automatic;
				COMBINE_HIDPI_IMAGES = YES;
				CURRENT_PROJECT_VERSION = 1;
				DEVELOPMENT_ASSET_PATHS = "\"NativeTwitch/Preview Content\"";
				DEVELOPMENT_TEAM = 4538W4A79B;
				ENABLE_HARDENED_RUNTIME = YES;
				ENABLE_PREVIEWS = YES;
				GENERATE_INFOPLIST_FILE = YES;
				INFOPLIST_KEY_NSHumanReadableCopyright = "";
				LD_RUNPATH_SEARCH_PATHS = (
					"$(inherited)",
					"@executable_path/../Frameworks",
				);
				MARKETING_VERSION = 1.0;
				PRODUCT_BUNDLE_IDENTIFIER = com.aayush.opensource.NativeTwitch;
				PRODUCT_NAME = "$(TARGET_NAME)";
				SWIFT_EMIT_LOC_STRINGS = YES;
				SWIFT_VERSION = 5.0;
			};
			name = Debug;
		};
		450871D32B291C4C00F938A2 /* Release */ = {
			isa = XCBuildConfiguration;
			buildSettings = {
				ASSETCATALOG_COMPILER_APPICON_NAME = AppIcon;
				ASSETCATALOG_COMPILER_GLOBAL_ACCENT_COLOR_NAME = AccentColor;
				CODE_SIGN_ENTITLEMENTS = NativeTwitch/NativeTwitch.entitlements;
				CODE_SIGN_STYLE = Automatic;
				COMBINE_HIDPI_IMAGES = YES;
				CURRENT_PROJECT_VERSION = 1;
				DEVELOPMENT_ASSET_PATHS = "\"NativeTwitch/Preview Content\"";
				DEVELOPMENT_TEAM = 4538W4A79B;
				ENABLE_HARDENED_RUNTIME = YES;
				ENABLE_PREVIEWS = YES;
				GENERATE_INFOPLIST_FILE = YES;
				INFOPLIST_KEY_NSHumanReadableCopyright = "";
				LD_RUNPATH_SEARCH_PATHS = (
					"$(inherited)",
					"@executable_path/../Frameworks",
				);
				MARKETING_VERSION = 1.0;
				PRODUCT_BUNDLE_IDENTIFIER = com.aayush.opensource.NativeTwitch;
				PRODUCT_NAME = "$(TARGET_NAME)";
				SWIFT_EMIT_LOC_STRINGS = YES;
				SWIFT_VERSION = 5.0;
			};
			name = Release;
		};
/* End XCBuildConfiguration section */

/* Begin XCConfigurationList section */
		450871BD2B291C4B00F938A2 /* Build configuration list for PBXProject "NativeTwitch" */ = {
			isa = XCConfigurationList;
			buildConfigurations = (
				450871CF2B291C4C00F938A2 /* Debug */,
				450871D02B291C4C00F938A2 /* Release */,
			);
			defaultConfigurationIsVisible = 0;
			defaultConfigurationName = Release;
		};
		450871D12B291C4C00F938A2 /* Build configuration list for PBXNativeTarget "NativeTwitch" */ = {
			isa = XCConfigurationList;
			buildConfigurations = (
				450871D22B291C4C00F938A2 /* Debug */,
				450871D32B291C4C00F938A2 /* Release */,
			);
			defaultConfigurationIsVisible = 0;
			defaultConfigurationName = Release;
		};
/* End XCConfigurationList section */
	};
	rootObject = 450871BA2B291C4B00F938A2 /* Project object */;
}
